PODS:
  - Alamofire (4.7.0)
  - AlamofireNetworkActivityIndicator (2.2.0):
    - Alamofire (~> 4.5)
  - Crashlytics (3.9.3):
    - Fabric (~> 1.7.2)
  - Fabric (1.7.5)
  - Firebase/Core (4.10.1):
    - FirebaseAnalytics (= 4.1.0)
    - FirebaseCore (= 4.0.17)
  - Firebase/Database (4.10.1):
    - Firebase/Core
    - FirebaseDatabase (= 4.1.5)
  - FirebaseAnalytics (4.1.0):
    - FirebaseCore (~> 4.0)
    - FirebaseInstanceID (~> 2.0)
    - "GoogleToolboxForMac/NSData+zlib (~> 2.1)"
    - nanopb (~> 0.3)
  - FirebaseCore (4.0.17):
    - "GoogleToolboxForMac/NSData+zlib (~> 2.1)"
  - FirebaseDatabase (4.1.5):
    - FirebaseAnalytics (~> 4.1)
    - FirebaseCore (~> 4.0)
    - leveldb-library (~> 1.18)
  - FirebaseInstanceID (2.0.9):
    - FirebaseCore (~> 4.0)
  - GoogleMaps (2.6.0):
    - GoogleMaps/Maps (= 2.6.0)
  - GoogleMaps/Base (2.6.0)
  - GoogleMaps/Maps (2.6.0):
    - GoogleMaps/Base
  - GoogleToolboxForMac/Defines (2.1.3)
  - "GoogleToolboxForMac/NSData+zlib (2.1.3)":
    - GoogleToolboxForMac/Defines (= 2.1.3)
  - IQKeyboardManager (5.0.8)
  - KeychainAccess (3.1.0)
  - Kingfisher (4.6.2)
  - leveldb-library (1.20)
  - Localize (2.0.1)
  - nanopb (0.3.8):
    - nanopb/decode (= 0.3.8)
    - nanopb/encode (= 0.3.8)
  - nanopb/decode (0.3.8)
  - nanopb/encode (0.3.8)
  - RangeSeekSlider (1.8.0)
  - SlideMenuControllerSwift (4.0.0)
  - SwiftCake (0.3.1)

DEPENDENCIES:
  - Alamofire
  - AlamofireNetworkActivityIndicator
  - Crashlytics
  - Fabric
  - Firebase/Core
  - Firebase/Database
  - GoogleMaps
  - IQKeyboardManager
  - KeychainAccess
  - Kingfisher
  - Localize (from `https://github.com/andresilvagomez/Localize.git`, branch `master`)
  - RangeSeekSlider (from `https://github.com/WorldDownTown/RangeSeekSlider`, branch `swift_4`)
  - SlideMenuControllerSwift
  - SwiftCake (from `https://github.com/Rovalx/SwiftCake.git`, branch `master`)

SPEC REPOS:
  https://github.com/cocoapods/specs.git:
    - Alamofire
    - AlamofireNetworkActivityIndicator
    - Crashlytics
    - Fabric
    - Firebase
    - FirebaseAnalytics
    - FirebaseCore
    - FirebaseDatabase
    - FirebaseInstanceID
    - GoogleMaps
    - GoogleToolboxForMac
    - IQKeyboardManager
    - KeychainAccess
    - Kingfisher
    - leveldb-library
    - nanopb
    - SlideMenuControllerSwift

EXTERNAL SOURCES:
  Localize:
    :branch: master
    :git: https://github.com/andresilvagomez/Localize.git
  RangeSeekSlider:
    :branch: swift_4
    :git: https://github.com/WorldDownTown/RangeSeekSlider
  SwiftCake:
    :branch: master
    :git: https://github.com/Rovalx/SwiftCake.git

CHECKOUT OPTIONS:
  Localize:
    :commit: 152da0a1af1a7c699501d9a40d016f8d74a62b0f
    :git: https://github.com/andresilvagomez/Localize.git
  RangeSeekSlider:
    :commit: 77c29321a97c7f029e878e1479ab5ed5e4b2edb2
    :git: https://github.com/WorldDownTown/RangeSeekSlider
  SwiftCake:
    :commit: 97ee67e5f69fdae27c7eed711168b8e14b4ab42c
    :git: https://github.com/Rovalx/SwiftCake.git

SPEC CHECKSUMS:
  Alamofire: 907e0a98eb68cdb7f9d1f541a563d6ac5dc77b25
  AlamofireNetworkActivityIndicator: 81e1630e7cfed22a4e4e82a174c59e651dc4f8ca
  Crashlytics: dbb07d01876c171c5ccbdf7826410380189e452c
  Fabric: ae7146a5f505ea370a1e44820b4b1dc8890e2890
  Firebase: 92c6ba593e32db0defde464a9adc981d5cb49f97
  FirebaseAnalytics: 3dfae28d4a5e06f86c4fae830efc2ad3fadb19bc
  FirebaseCore: 872307b001bbefda1dfa0dbfffa50a6919023d4a
  FirebaseDatabase: 5f0bc6134c5c237cf55f9e1249d406770a75eafd
  FirebaseInstanceID: d2058a35e9bebda1b6dd42486b84917bde552a9d
  GoogleMaps: 42f91c68b7fa2f84d5c86597b18ceb99f5414c7f
  GoogleToolboxForMac: 2501e2ad72a52eb3dfe7bd9aee7dad11b858bd20
  IQKeyboardManager: 266cb7b1d11f94a3e71229d77f960f9a1b538e5b
  KeychainAccess: 94c5540b32eabf7bc32bfb976a268e8ea05fd6da
  Kingfisher: 55b9c395bf8d3949676ad3861111923990ab68cf
  leveldb-library: 08cba283675b7ed2d99629a4bc5fd052cd2bb6a5
  Localize: 5e278d8627b40d7f1da40e2b4ca7f027655ff18e
  nanopb: 5601e6bca2dbf1ed831b519092ec110f66982ca3
  RangeSeekSlider: 650b11fa1edcb92e1e0ede797669d98622570fb5
  SlideMenuControllerSwift: 021d6318201c53d4d4d3710517d43d6c556c7dd0
  SwiftCake: c3ecf5fe2d943bf6fe86197cb3ecab4ec9c4dc5b

PODFILE CHECKSUM: 39bf38a61352bdd8664ac9e4c488452495cce7c0

COCOAPODS: 1.5.3
