// !$*UTF8*$!
{
	archiveVersion = 1;
	classes = {
	};
	objectVersion = 48;
	objects = {

/* Begin PBXBuildFile section */
		7ECDCEA743DA7CE9F4FA6022 /* Pods_Rozenamah.framework in Frameworks */ = {isa = PBXBuildFile; fileRef = 4CCFFA696C6B25E57686CF22 /* Pods_Rozenamah.framework */; };
		F9093A71204992CB00CB041A /* AppDelegate.swift in Sources */ = {isa = PBXBuildFile; fileRef = F9093A70204992CB00CB041A /* AppDelegate.swift */; };
		F9093A78204992CB00CB041A /* Assets.xcassets in Resources */ = {isa = PBXBuildFile; fileRef = F9093A77204992CB00CB041A /* Assets.xcassets */; };
		F9093A7B204992CB00CB041A /* LaunchScreen.storyboard in Resources */ = {isa = PBXBuildFile; fileRef = F9093A79204992CB00CB041A /* LaunchScreen.storyboard */; };
		F92D1974206CEF9700F5FC78 /* ClassificationsRouter.swift in Sources */ = {isa = PBXBuildFile; fileRef = F92D1973206CEF9700F5FC78 /* ClassificationsRouter.swift */; };
		F940EA472057E8F700266753 /* Session.storyboard in Resources */ = {isa = PBXBuildFile; fileRef = F940EA462057E8F700266753 /* Session.storyboard */; };
		F940EA502058147000266753 /* WelcomePresenter.swift in Sources */ = {isa = PBXBuildFile; fileRef = F940EA492058147000266753 /* WelcomePresenter.swift */; };
		F940EA512058147000266753 /* WelcomeWorker.swift in Sources */ = {isa = PBXBuildFile; fileRef = F940EA4A2058147000266753 /* WelcomeWorker.swift */; };
		F940EA522058147000266753 /* WelcomeRouter.swift in Sources */ = {isa = PBXBuildFile; fileRef = F940EA4B2058147000266753 /* WelcomeRouter.swift */; };
		F940EA532058147000266753 /* WelcomeModels.swift in Sources */ = {isa = PBXBuildFile; fileRef = F940EA4C2058147000266753 /* WelcomeModels.swift */; };
		F940EA542058147000266753 /* WelcomeViewController.swift in Sources */ = {isa = PBXBuildFile; fileRef = F940EA4D2058147000266753 /* WelcomeViewController.swift */; };
		F940EA552058147000266753 /* WelcomeInteractor.swift in Sources */ = {isa = PBXBuildFile; fileRef = F940EA4E2058147000266753 /* WelcomeInteractor.swift */; };
		F940EA562058147000266753 /* WelcomeConfigurator.swift in Sources */ = {isa = PBXBuildFile; fileRef = F940EA4F2058147000266753 /* WelcomeConfigurator.swift */; };
		F940EA5E2058148300266753 /* LoginPresenter.swift in Sources */ = {isa = PBXBuildFile; fileRef = F940EA572058148300266753 /* LoginPresenter.swift */; };
		F940EA5F2058148300266753 /* LoginWorker.swift in Sources */ = {isa = PBXBuildFile; fileRef = F940EA582058148300266753 /* LoginWorker.swift */; };
		F940EA602058148300266753 /* LoginRouter.swift in Sources */ = {isa = PBXBuildFile; fileRef = F940EA592058148300266753 /* LoginRouter.swift */; };
		F940EA612058148300266753 /* LoginModels.swift in Sources */ = {isa = PBXBuildFile; fileRef = F940EA5A2058148300266753 /* LoginModels.swift */; };
		F940EA622058148300266753 /* LoginViewController.swift in Sources */ = {isa = PBXBuildFile; fileRef = F940EA5B2058148300266753 /* LoginViewController.swift */; };
		F940EA632058148300266753 /* LoginInteractor.swift in Sources */ = {isa = PBXBuildFile; fileRef = F940EA5C2058148300266753 /* LoginInteractor.swift */; };
		F940EA642058148300266753 /* LoginConfigurator.swift in Sources */ = {isa = PBXBuildFile; fileRef = F940EA5D2058148300266753 /* LoginConfigurator.swift */; };
		F940EA66205817DF00266753 /* RMNavigationBar.swift in Sources */ = {isa = PBXBuildFile; fileRef = F940EA65205817DF00266753 /* RMNavigationBar.swift */; };
		F940EA69205820DF00266753 /* RMTextFieldWithError.swift in Sources */ = {isa = PBXBuildFile; fileRef = F940EA68205820DF00266753 /* RMTextFieldWithError.swift */; };
		F940EA6C2058239100266753 /* UIColorExtension.swift in Sources */ = {isa = PBXBuildFile; fileRef = F940EA6B2058239100266753 /* UIColorExtension.swift */; };
		F940EA70205827AD00266753 /* EmailValidation.swift in Sources */ = {isa = PBXBuildFile; fileRef = F940EA6F205827AD00266753 /* EmailValidation.swift */; };
		F940EA72205828ED00266753 /* AlertRouter.swift in Sources */ = {isa = PBXBuildFile; fileRef = F940EA71205828ED00266753 /* AlertRouter.swift */; };
		F940EC212059335E00266753 /* RegisterPatientPresenter.swift in Sources */ = {isa = PBXBuildFile; fileRef = F940EC1A2059335E00266753 /* RegisterPatientPresenter.swift */; };
		F940EC222059335E00266753 /* RegisterPatientWorker.swift in Sources */ = {isa = PBXBuildFile; fileRef = F940EC1B2059335E00266753 /* RegisterPatientWorker.swift */; };
		F940EC232059335E00266753 /* RegisterPatientRouter.swift in Sources */ = {isa = PBXBuildFile; fileRef = F940EC1C2059335E00266753 /* RegisterPatientRouter.swift */; };
		F940EC242059335E00266753 /* RegisterPatientModels.swift in Sources */ = {isa = PBXBuildFile; fileRef = F940EC1D2059335E00266753 /* RegisterPatientModels.swift */; };
		F940EC252059335E00266753 /* RegisterPatientViewController.swift in Sources */ = {isa = PBXBuildFile; fileRef = F940EC1E2059335E00266753 /* RegisterPatientViewController.swift */; };
		F940EC262059335E00266753 /* RegisterPatientInteractor.swift in Sources */ = {isa = PBXBuildFile; fileRef = F940EC1F2059335E00266753 /* RegisterPatientInteractor.swift */; };
		F940EC272059335E00266753 /* RegisterPatientConfigurator.swift in Sources */ = {isa = PBXBuildFile; fileRef = F940EC202059335E00266753 /* RegisterPatientConfigurator.swift */; };
		F940EC29205937CD00266753 /* PhotoTakeRouter.swift in Sources */ = {isa = PBXBuildFile; fileRef = F940EC28205937CD00266753 /* PhotoTakeRouter.swift */; };
		F940EC2B20595A1100266753 /* API.swift in Sources */ = {isa = PBXBuildFile; fileRef = F940EC2A20595A1100266753 /* API.swift */; };
		F940EC2D205963ED00266753 /* AlamofireExtension.swift in Sources */ = {isa = PBXBuildFile; fileRef = F940EC2C205963ED00266753 /* AlamofireExtension.swift */; };
		F940EC2F20596CAE00266753 /* Main.storyboard in Resources */ = {isa = PBXBuildFile; fileRef = F940EC2E20596CAE00266753 /* Main.storyboard */; };
		F940EC37205A5BC200266753 /* ForgotPasswordPresenter.swift in Sources */ = {isa = PBXBuildFile; fileRef = F940EC30205A5BC200266753 /* ForgotPasswordPresenter.swift */; };
		F940EC38205A5BC200266753 /* ForgotPasswordWorker.swift in Sources */ = {isa = PBXBuildFile; fileRef = F940EC31205A5BC200266753 /* ForgotPasswordWorker.swift */; };
		F940EC39205A5BC200266753 /* ForgotPasswordRouter.swift in Sources */ = {isa = PBXBuildFile; fileRef = F940EC32205A5BC200266753 /* ForgotPasswordRouter.swift */; };
		F940EC3A205A5BC200266753 /* ForgotPasswordModels.swift in Sources */ = {isa = PBXBuildFile; fileRef = F940EC33205A5BC200266753 /* ForgotPasswordModels.swift */; };
		F940EC3B205A5BC200266753 /* ForgotPasswordViewController.swift in Sources */ = {isa = PBXBuildFile; fileRef = F940EC34205A5BC200266753 /* ForgotPasswordViewController.swift */; };
		F940EC3C205A5BC200266753 /* ForgotPasswordInteractor.swift in Sources */ = {isa = PBXBuildFile; fileRef = F940EC35205A5BC200266753 /* ForgotPasswordInteractor.swift */; };
		F940EC3D205A5BC200266753 /* ForgotPasswordConfigurator.swift in Sources */ = {isa = PBXBuildFile; fileRef = F940EC36205A5BC200266753 /* ForgotPasswordConfigurator.swift */; };
		F940EC48205A9BFF00266753 /* MainPatientPresenter.swift in Sources */ = {isa = PBXBuildFile; fileRef = F940EC41205A9BFF00266753 /* MainPatientPresenter.swift */; };
		F940EC49205A9BFF00266753 /* MainPatientWorker.swift in Sources */ = {isa = PBXBuildFile; fileRef = F940EC42205A9BFF00266753 /* MainPatientWorker.swift */; };
		F940EC4A205A9BFF00266753 /* MainPatientRouter.swift in Sources */ = {isa = PBXBuildFile; fileRef = F940EC43205A9BFF00266753 /* MainPatientRouter.swift */; };
		F940EC4B205A9BFF00266753 /* MainPatientModels.swift in Sources */ = {isa = PBXBuildFile; fileRef = F940EC44205A9BFF00266753 /* MainPatientModels.swift */; };
		F940EC4C205A9BFF00266753 /* MainPatientViewController.swift in Sources */ = {isa = PBXBuildFile; fileRef = F940EC45205A9BFF00266753 /* MainPatientViewController.swift */; };
		F940EC4D205A9BFF00266753 /* MainPatientInteractor.swift in Sources */ = {isa = PBXBuildFile; fileRef = F940EC46205A9BFF00266753 /* MainPatientInteractor.swift */; };
		F940EC4E205A9BFF00266753 /* MainPatientConfigurator.swift in Sources */ = {isa = PBXBuildFile; fileRef = F940EC47205A9BFF00266753 /* MainPatientConfigurator.swift */; };
		F940EC52205A9D8E00266753 /* AppStartRouter.swift in Sources */ = {isa = PBXBuildFile; fileRef = F940EC51205A9D8E00266753 /* AppStartRouter.swift */; };
		F940EC5A205AB9EC00266753 /* SplashPresenter.swift in Sources */ = {isa = PBXBuildFile; fileRef = F940EC53205AB9EC00266753 /* SplashPresenter.swift */; };
		F940EC5B205AB9EC00266753 /* SplashWorker.swift in Sources */ = {isa = PBXBuildFile; fileRef = F940EC54205AB9EC00266753 /* SplashWorker.swift */; };
		F940EC5C205AB9EC00266753 /* SplashRouter.swift in Sources */ = {isa = PBXBuildFile; fileRef = F940EC55205AB9EC00266753 /* SplashRouter.swift */; };
		F940EC5D205AB9EC00266753 /* SplashModels.swift in Sources */ = {isa = PBXBuildFile; fileRef = F940EC56205AB9EC00266753 /* SplashModels.swift */; };
		F940EC5E205AB9EC00266753 /* SplashViewController.swift in Sources */ = {isa = PBXBuildFile; fileRef = F940EC57205AB9EC00266753 /* SplashViewController.swift */; };
		F940EC5F205AB9EC00266753 /* SplashInteractor.swift in Sources */ = {isa = PBXBuildFile; fileRef = F940EC58205AB9EC00266753 /* SplashInteractor.swift */; };
		F940EC60205AB9EC00266753 /* SplashConfigurator.swift in Sources */ = {isa = PBXBuildFile; fileRef = F940EC59205AB9EC00266753 /* SplashConfigurator.swift */; };
		F940EC65205AC04700266753 /* KeychainExtension.swift in Sources */ = {isa = PBXBuildFile; fileRef = F940EC64205AC04700266753 /* KeychainExtension.swift */; };
		F940EC6E205AEDD600266753 /* DrawerPresenter.swift in Sources */ = {isa = PBXBuildFile; fileRef = F940EC67205AEDD600266753 /* DrawerPresenter.swift */; };
		F940EC6F205AEDD600266753 /* DrawerWorker.swift in Sources */ = {isa = PBXBuildFile; fileRef = F940EC68205AEDD600266753 /* DrawerWorker.swift */; };
		F940EC70205AEDD600266753 /* DrawerRouter.swift in Sources */ = {isa = PBXBuildFile; fileRef = F940EC69205AEDD600266753 /* DrawerRouter.swift */; };
		F940EC71205AEDD600266753 /* DrawerModels.swift in Sources */ = {isa = PBXBuildFile; fileRef = F940EC6A205AEDD600266753 /* DrawerModels.swift */; };
		F940EC72205AEDD600266753 /* DrawerViewController.swift in Sources */ = {isa = PBXBuildFile; fileRef = F940EC6B205AEDD600266753 /* DrawerViewController.swift */; };
		F940EC73205AEDD600266753 /* DrawerInteractor.swift in Sources */ = {isa = PBXBuildFile; fileRef = F940EC6C205AEDD600266753 /* DrawerInteractor.swift */; };
		F940EC74205AEDD600266753 /* DrawerConfigurator.swift in Sources */ = {isa = PBXBuildFile; fileRef = F940EC6D205AEDD600266753 /* DrawerConfigurator.swift */; };
		F940EC76205BBBD600266753 /* RMGradientView.swift in Sources */ = {isa = PBXBuildFile; fileRef = F940EC75205BBBD600266753 /* RMGradientView.swift */; };
		F940EC78205BEA4A00266753 /* User.swift in Sources */ = {isa = PBXBuildFile; fileRef = F940EC77205BEA4A00266753 /* User.swift */; };
		F95AFBEA206A3DA6007CCFB1 /* PasswordValidation.swift in Sources */ = {isa = PBXBuildFile; fileRef = F95AFBE9206A3DA6007CCFB1 /* PasswordValidation.swift */; };
		F95AFBEC206A4DBE007CCFB1 /* NameValidation.swift in Sources */ = {isa = PBXBuildFile; fileRef = F95AFBEB206A4DBE007CCFB1 /* NameValidation.swift */; };
		F95AFBF8206A6CBC007CCFB1 /* CallDoctorFiltersPresenter.swift in Sources */ = {isa = PBXBuildFile; fileRef = F95AFBF1206A6CBC007CCFB1 /* CallDoctorFiltersPresenter.swift */; };
		F95AFBF9206A6CBC007CCFB1 /* CallDoctorFiltersWorker.swift in Sources */ = {isa = PBXBuildFile; fileRef = F95AFBF2206A6CBC007CCFB1 /* CallDoctorFiltersWorker.swift */; };
		F95AFBFA206A6CBC007CCFB1 /* CallDoctorFiltersRouter.swift in Sources */ = {isa = PBXBuildFile; fileRef = F95AFBF3206A6CBC007CCFB1 /* CallDoctorFiltersRouter.swift */; };
		F95AFBFB206A6CBC007CCFB1 /* CallDoctorFiltersModels.swift in Sources */ = {isa = PBXBuildFile; fileRef = F95AFBF4206A6CBC007CCFB1 /* CallDoctorFiltersModels.swift */; };
		F95AFBFC206A6CBC007CCFB1 /* CallDoctorFiltersViewController.swift in Sources */ = {isa = PBXBuildFile; fileRef = F95AFBF5206A6CBC007CCFB1 /* CallDoctorFiltersViewController.swift */; };
		F95AFBFD206A6CBC007CCFB1 /* CallDoctorFiltersInteractor.swift in Sources */ = {isa = PBXBuildFile; fileRef = F95AFBF6206A6CBC007CCFB1 /* CallDoctorFiltersInteractor.swift */; };
		F95AFBFE206A6CBC007CCFB1 /* CallDoctorFiltersConfigurator.swift in Sources */ = {isa = PBXBuildFile; fileRef = F95AFBF7206A6CBC007CCFB1 /* CallDoctorFiltersConfigurator.swift */; };
		F95F140820614A6E00CDC2E5 /* iPhoneDeviceDetection.swift in Sources */ = {isa = PBXBuildFile; fileRef = F95F140720614A6E00CDC2E5 /* iPhoneDeviceDetection.swift */; };
		F9753761205FCFAA003DC80E /* Settings.storyboard in Resources */ = {isa = PBXBuildFile; fileRef = F9753760205FCFAA003DC80E /* Settings.storyboard */; };
		F9753764205FD509003DC80E /* TermsViewController.swift in Sources */ = {isa = PBXBuildFile; fileRef = F9753763205FD509003DC80E /* TermsViewController.swift */; };
		F975376C205FDADE003DC80E /* RegisterDoctorPresenter.swift in Sources */ = {isa = PBXBuildFile; fileRef = F9753765205FDADE003DC80E /* RegisterDoctorPresenter.swift */; };
		F975376D205FDADE003DC80E /* RegisterDoctorWorker.swift in Sources */ = {isa = PBXBuildFile; fileRef = F9753766205FDADE003DC80E /* RegisterDoctorWorker.swift */; };
		F975376E205FDADE003DC80E /* RegisterDoctorRouter.swift in Sources */ = {isa = PBXBuildFile; fileRef = F9753767205FDADE003DC80E /* RegisterDoctorRouter.swift */; };
		F975376F205FDADE003DC80E /* RegisterDoctorModels.swift in Sources */ = {isa = PBXBuildFile; fileRef = F9753768205FDADE003DC80E /* RegisterDoctorModels.swift */; };
		F9753770205FDADE003DC80E /* RegisterDoctorViewController.swift in Sources */ = {isa = PBXBuildFile; fileRef = F9753769205FDADE003DC80E /* RegisterDoctorViewController.swift */; };
		F9753771205FDADE003DC80E /* RegisterDoctorInteractor.swift in Sources */ = {isa = PBXBuildFile; fileRef = F975376A205FDADE003DC80E /* RegisterDoctorInteractor.swift */; };
		F9753772205FDADE003DC80E /* RegisterDoctorConfigurator.swift in Sources */ = {isa = PBXBuildFile; fileRef = F975376B205FDADE003DC80E /* RegisterDoctorConfigurator.swift */; };
		F9753777205FEA70003DC80E /* UIWindowExtension.swift in Sources */ = {isa = PBXBuildFile; fileRef = F9753776205FEA70003DC80E /* UIWindowExtension.swift */; };
		F9753779205FF24B003DC80E /* UIButtonExtension.swift in Sources */ = {isa = PBXBuildFile; fileRef = F9753778205FF24B003DC80E /* UIButtonExtension.swift */; };
		F97B71F52062B5960073A968 /* CallDoctorPresenter.swift in Sources */ = {isa = PBXBuildFile; fileRef = F97B71EE2062B5960073A968 /* CallDoctorPresenter.swift */; };
		F97B71F62062B5960073A968 /* CallDoctorWorker.swift in Sources */ = {isa = PBXBuildFile; fileRef = F97B71EF2062B5960073A968 /* CallDoctorWorker.swift */; };
		F97B71F72062B5960073A968 /* CallDoctorRouter.swift in Sources */ = {isa = PBXBuildFile; fileRef = F97B71F02062B5960073A968 /* CallDoctorRouter.swift */; };
		F97B71F82062B5960073A968 /* CallDoctorModels.swift in Sources */ = {isa = PBXBuildFile; fileRef = F97B71F12062B5960073A968 /* CallDoctorModels.swift */; };
		F97B71F92062B5960073A968 /* CallDoctorViewController.swift in Sources */ = {isa = PBXBuildFile; fileRef = F97B71F22062B5960073A968 /* CallDoctorViewController.swift */; };
		F97B71FA2062B5960073A968 /* CallDoctorInteractor.swift in Sources */ = {isa = PBXBuildFile; fileRef = F97B71F32062B5960073A968 /* CallDoctorInteractor.swift */; };
		F97B71FB2062B5960073A968 /* CallDoctorConfigurator.swift in Sources */ = {isa = PBXBuildFile; fileRef = F97B71F42062B5960073A968 /* CallDoctorConfigurator.swift */; };
		F97B73A32063A9040073A968 /* KingfisherExtension.swift in Sources */ = {isa = PBXBuildFile; fileRef = F97B73A22063A9040073A968 /* KingfisherExtension.swift */; };
		F992D313206D20F000DF0604 /* NotificationWorker.swift in Sources */ = {isa = PBXBuildFile; fileRef = F992D312206D20F000DF0604 /* NotificationWorker.swift */; };
		F992D335206E3C0800DF0604 /* MainScreenViewController.swift in Sources */ = {isa = PBXBuildFile; fileRef = F992D334206E3C0800DF0604 /* MainScreenViewController.swift */; };
		F992D33D206E3D6D00DF0604 /* MainDoctorPresenter.swift in Sources */ = {isa = PBXBuildFile; fileRef = F992D336206E3D6D00DF0604 /* MainDoctorPresenter.swift */; };
		F992D33E206E3D6D00DF0604 /* MainDoctorWorker.swift in Sources */ = {isa = PBXBuildFile; fileRef = F992D337206E3D6D00DF0604 /* MainDoctorWorker.swift */; };
		F992D33F206E3D6D00DF0604 /* MainDoctorRouter.swift in Sources */ = {isa = PBXBuildFile; fileRef = F992D338206E3D6D00DF0604 /* MainDoctorRouter.swift */; };
		F992D340206E3D6D00DF0604 /* MainDoctorModels.swift in Sources */ = {isa = PBXBuildFile; fileRef = F992D339206E3D6D00DF0604 /* MainDoctorModels.swift */; };
		F992D341206E3D6D00DF0604 /* MainDoctorViewController.swift in Sources */ = {isa = PBXBuildFile; fileRef = F992D33A206E3D6D00DF0604 /* MainDoctorViewController.swift */; };
		F992D342206E3D6D00DF0604 /* MainDoctorInteractor.swift in Sources */ = {isa = PBXBuildFile; fileRef = F992D33B206E3D6D00DF0604 /* MainDoctorInteractor.swift */; };
		F992D343206E3D6D00DF0604 /* MainDoctorConfigurator.swift in Sources */ = {isa = PBXBuildFile; fileRef = F992D33C206E3D6D00DF0604 /* MainDoctorConfigurator.swift */; };
		F992D346206E40E700DF0604 /* MainScreenInteractor.swift in Sources */ = {isa = PBXBuildFile; fileRef = F992D345206E40E700DF0604 /* MainScreenInteractor.swift */; };
		F992D348206E418100DF0604 /* MainScreenPresenter.swift in Sources */ = {isa = PBXBuildFile; fileRef = F992D347206E418100DF0604 /* MainScreenPresenter.swift */; };
		F9A9F2A4204D5897006E8999 /* Router.swift in Sources */ = {isa = PBXBuildFile; fileRef = F9A9F2A3204D5897006E8999 /* Router.swift */; };
		F9CA96AC205FCA5200CB4B68 /* Settings.swift in Sources */ = {isa = PBXBuildFile; fileRef = F9CA96AB205FCA5200CB4B68 /* Settings.swift */; };
		F9CEDE522063F139004ED0C7 /* ReportPresenter.swift in Sources */ = {isa = PBXBuildFile; fileRef = F9CEDE4B2063F139004ED0C7 /* ReportPresenter.swift */; };
		F9CEDE532063F139004ED0C7 /* ReportWorker.swift in Sources */ = {isa = PBXBuildFile; fileRef = F9CEDE4C2063F139004ED0C7 /* ReportWorker.swift */; };
		F9CEDE542063F139004ED0C7 /* ReportRouter.swift in Sources */ = {isa = PBXBuildFile; fileRef = F9CEDE4D2063F139004ED0C7 /* ReportRouter.swift */; };
		F9CEDE552063F139004ED0C7 /* ReportModels.swift in Sources */ = {isa = PBXBuildFile; fileRef = F9CEDE4E2063F139004ED0C7 /* ReportModels.swift */; };
		F9CEDE562063F139004ED0C7 /* ReportViewController.swift in Sources */ = {isa = PBXBuildFile; fileRef = F9CEDE4F2063F139004ED0C7 /* ReportViewController.swift */; };
		F9CEDE572063F139004ED0C7 /* ReportInteractor.swift in Sources */ = {isa = PBXBuildFile; fileRef = F9CEDE502063F139004ED0C7 /* ReportInteractor.swift */; };
		F9CEDE582063F139004ED0C7 /* ReportConfigurator.swift in Sources */ = {isa = PBXBuildFile; fileRef = F9CEDE512063F139004ED0C7 /* ReportConfigurator.swift */; };
		F9CEDE61206521DA004ED0C7 /* EditProfilePresenter.swift in Sources */ = {isa = PBXBuildFile; fileRef = F9CEDE5A206521DA004ED0C7 /* EditProfilePresenter.swift */; };
		F9CEDE62206521DA004ED0C7 /* EditProfileWorker.swift in Sources */ = {isa = PBXBuildFile; fileRef = F9CEDE5B206521DA004ED0C7 /* EditProfileWorker.swift */; };
		F9CEDE63206521DA004ED0C7 /* EditProfileRouter.swift in Sources */ = {isa = PBXBuildFile; fileRef = F9CEDE5C206521DA004ED0C7 /* EditProfileRouter.swift */; };
		F9CEDE64206521DA004ED0C7 /* EditProfileModels.swift in Sources */ = {isa = PBXBuildFile; fileRef = F9CEDE5D206521DA004ED0C7 /* EditProfileModels.swift */; };
		F9CEDE65206521DA004ED0C7 /* EditProfileViewController.swift in Sources */ = {isa = PBXBuildFile; fileRef = F9CEDE5E206521DA004ED0C7 /* EditProfileViewController.swift */; };
		F9CEDE66206521DA004ED0C7 /* EditProfileInteractor.swift in Sources */ = {isa = PBXBuildFile; fileRef = F9CEDE5F206521DA004ED0C7 /* EditProfileInteractor.swift */; };
		F9CEDE67206521DA004ED0C7 /* EditProfileConfigurator.swift in Sources */ = {isa = PBXBuildFile; fileRef = F9CEDE60206521DA004ED0C7 /* EditProfileConfigurator.swift */; };
/* End PBXBuildFile section */

/* Begin PBXFileReference section */
		12F2CF19FFFACE3A5994653E /* Pods-Rozenamah.release.xcconfig */ = {isa = PBXFileReference; includeInIndex = 1; lastKnownFileType = text.xcconfig; name = "Pods-Rozenamah.release.xcconfig"; path = "Pods/Target Support Files/Pods-Rozenamah/Pods-Rozenamah.release.xcconfig"; sourceTree = "<group>"; };
		4CCFFA696C6B25E57686CF22 /* Pods_Rozenamah.framework */ = {isa = PBXFileReference; explicitFileType = wrapper.framework; includeInIndex = 0; path = Pods_Rozenamah.framework; sourceTree = BUILT_PRODUCTS_DIR; };
		5EADC32AED147D733870FB5F /* Pods-Rozenamah.debug.xcconfig */ = {isa = PBXFileReference; includeInIndex = 1; lastKnownFileType = text.xcconfig; name = "Pods-Rozenamah.debug.xcconfig"; path = "Pods/Target Support Files/Pods-Rozenamah/Pods-Rozenamah.debug.xcconfig"; sourceTree = "<group>"; };
		F9093A6D204992CB00CB041A /* Rozenamah.app */ = {isa = PBXFileReference; explicitFileType = wrapper.application; includeInIndex = 0; path = Rozenamah.app; sourceTree = BUILT_PRODUCTS_DIR; };
		F9093A70204992CB00CB041A /* AppDelegate.swift */ = {isa = PBXFileReference; lastKnownFileType = sourcecode.swift; path = AppDelegate.swift; sourceTree = "<group>"; };
		F9093A77204992CB00CB041A /* Assets.xcassets */ = {isa = PBXFileReference; lastKnownFileType = folder.assetcatalog; path = Assets.xcassets; sourceTree = "<group>"; };
		F9093A7A204992CB00CB041A /* Base */ = {isa = PBXFileReference; lastKnownFileType = file.storyboard; name = Base; path = Base.lproj/LaunchScreen.storyboard; sourceTree = "<group>"; };
		F9093A7C204992CB00CB041A /* Info.plist */ = {isa = PBXFileReference; lastKnownFileType = text.plist.xml; path = Info.plist; sourceTree = "<group>"; };
		F92D1973206CEF9700F5FC78 /* ClassificationsRouter.swift */ = {isa = PBXFileReference; lastKnownFileType = sourcecode.swift; path = ClassificationsRouter.swift; sourceTree = "<group>"; };
		F940EA462057E8F700266753 /* Session.storyboard */ = {isa = PBXFileReference; lastKnownFileType = file.storyboard; path = Session.storyboard; sourceTree = "<group>"; };
		F940EA492058147000266753 /* WelcomePresenter.swift */ = {isa = PBXFileReference; lastKnownFileType = sourcecode.swift; path = WelcomePresenter.swift; sourceTree = "<group>"; };
		F940EA4A2058147000266753 /* WelcomeWorker.swift */ = {isa = PBXFileReference; lastKnownFileType = sourcecode.swift; path = WelcomeWorker.swift; sourceTree = "<group>"; };
		F940EA4B2058147000266753 /* WelcomeRouter.swift */ = {isa = PBXFileReference; lastKnownFileType = sourcecode.swift; path = WelcomeRouter.swift; sourceTree = "<group>"; };
		F940EA4C2058147000266753 /* WelcomeModels.swift */ = {isa = PBXFileReference; lastKnownFileType = sourcecode.swift; path = WelcomeModels.swift; sourceTree = "<group>"; };
		F940EA4D2058147000266753 /* WelcomeViewController.swift */ = {isa = PBXFileReference; lastKnownFileType = sourcecode.swift; path = WelcomeViewController.swift; sourceTree = "<group>"; };
		F940EA4E2058147000266753 /* WelcomeInteractor.swift */ = {isa = PBXFileReference; lastKnownFileType = sourcecode.swift; path = WelcomeInteractor.swift; sourceTree = "<group>"; };
		F940EA4F2058147000266753 /* WelcomeConfigurator.swift */ = {isa = PBXFileReference; lastKnownFileType = sourcecode.swift; path = WelcomeConfigurator.swift; sourceTree = "<group>"; };
		F940EA572058148300266753 /* LoginPresenter.swift */ = {isa = PBXFileReference; lastKnownFileType = sourcecode.swift; path = LoginPresenter.swift; sourceTree = "<group>"; };
		F940EA582058148300266753 /* LoginWorker.swift */ = {isa = PBXFileReference; lastKnownFileType = sourcecode.swift; path = LoginWorker.swift; sourceTree = "<group>"; };
		F940EA592058148300266753 /* LoginRouter.swift */ = {isa = PBXFileReference; lastKnownFileType = sourcecode.swift; path = LoginRouter.swift; sourceTree = "<group>"; };
		F940EA5A2058148300266753 /* LoginModels.swift */ = {isa = PBXFileReference; lastKnownFileType = sourcecode.swift; path = LoginModels.swift; sourceTree = "<group>"; };
		F940EA5B2058148300266753 /* LoginViewController.swift */ = {isa = PBXFileReference; lastKnownFileType = sourcecode.swift; path = LoginViewController.swift; sourceTree = "<group>"; };
		F940EA5C2058148300266753 /* LoginInteractor.swift */ = {isa = PBXFileReference; lastKnownFileType = sourcecode.swift; path = LoginInteractor.swift; sourceTree = "<group>"; };
		F940EA5D2058148300266753 /* LoginConfigurator.swift */ = {isa = PBXFileReference; lastKnownFileType = sourcecode.swift; path = LoginConfigurator.swift; sourceTree = "<group>"; };
		F940EA65205817DF00266753 /* RMNavigationBar.swift */ = {isa = PBXFileReference; lastKnownFileType = sourcecode.swift; path = RMNavigationBar.swift; sourceTree = "<group>"; };
		F940EA68205820DF00266753 /* RMTextFieldWithError.swift */ = {isa = PBXFileReference; lastKnownFileType = sourcecode.swift; path = RMTextFieldWithError.swift; sourceTree = "<group>"; };
		F940EA6B2058239100266753 /* UIColorExtension.swift */ = {isa = PBXFileReference; lastKnownFileType = sourcecode.swift; path = UIColorExtension.swift; sourceTree = "<group>"; };
		F940EA6F205827AD00266753 /* EmailValidation.swift */ = {isa = PBXFileReference; lastKnownFileType = sourcecode.swift; path = EmailValidation.swift; sourceTree = "<group>"; };
		F940EA71205828ED00266753 /* AlertRouter.swift */ = {isa = PBXFileReference; lastKnownFileType = sourcecode.swift; path = AlertRouter.swift; sourceTree = "<group>"; };
		F940EC1A2059335E00266753 /* RegisterPatientPresenter.swift */ = {isa = PBXFileReference; lastKnownFileType = sourcecode.swift; path = RegisterPatientPresenter.swift; sourceTree = "<group>"; };
		F940EC1B2059335E00266753 /* RegisterPatientWorker.swift */ = {isa = PBXFileReference; lastKnownFileType = sourcecode.swift; path = RegisterPatientWorker.swift; sourceTree = "<group>"; };
		F940EC1C2059335E00266753 /* RegisterPatientRouter.swift */ = {isa = PBXFileReference; lastKnownFileType = sourcecode.swift; path = RegisterPatientRouter.swift; sourceTree = "<group>"; };
		F940EC1D2059335E00266753 /* RegisterPatientModels.swift */ = {isa = PBXFileReference; lastKnownFileType = sourcecode.swift; path = RegisterPatientModels.swift; sourceTree = "<group>"; };
		F940EC1E2059335E00266753 /* RegisterPatientViewController.swift */ = {isa = PBXFileReference; lastKnownFileType = sourcecode.swift; path = RegisterPatientViewController.swift; sourceTree = "<group>"; };
		F940EC1F2059335E00266753 /* RegisterPatientInteractor.swift */ = {isa = PBXFileReference; lastKnownFileType = sourcecode.swift; path = RegisterPatientInteractor.swift; sourceTree = "<group>"; };
		F940EC202059335E00266753 /* RegisterPatientConfigurator.swift */ = {isa = PBXFileReference; lastKnownFileType = sourcecode.swift; path = RegisterPatientConfigurator.swift; sourceTree = "<group>"; };
		F940EC28205937CD00266753 /* PhotoTakeRouter.swift */ = {isa = PBXFileReference; lastKnownFileType = sourcecode.swift; path = PhotoTakeRouter.swift; sourceTree = "<group>"; };
		F940EC2A20595A1100266753 /* API.swift */ = {isa = PBXFileReference; lastKnownFileType = sourcecode.swift; path = API.swift; sourceTree = "<group>"; };
		F940EC2C205963ED00266753 /* AlamofireExtension.swift */ = {isa = PBXFileReference; lastKnownFileType = sourcecode.swift; path = AlamofireExtension.swift; sourceTree = "<group>"; };
		F940EC2E20596CAE00266753 /* Main.storyboard */ = {isa = PBXFileReference; lastKnownFileType = file.storyboard; path = Main.storyboard; sourceTree = "<group>"; };
		F940EC30205A5BC200266753 /* ForgotPasswordPresenter.swift */ = {isa = PBXFileReference; lastKnownFileType = sourcecode.swift; path = ForgotPasswordPresenter.swift; sourceTree = "<group>"; };
		F940EC31205A5BC200266753 /* ForgotPasswordWorker.swift */ = {isa = PBXFileReference; lastKnownFileType = sourcecode.swift; path = ForgotPasswordWorker.swift; sourceTree = "<group>"; };
		F940EC32205A5BC200266753 /* ForgotPasswordRouter.swift */ = {isa = PBXFileReference; lastKnownFileType = sourcecode.swift; path = ForgotPasswordRouter.swift; sourceTree = "<group>"; };
		F940EC33205A5BC200266753 /* ForgotPasswordModels.swift */ = {isa = PBXFileReference; lastKnownFileType = sourcecode.swift; path = ForgotPasswordModels.swift; sourceTree = "<group>"; };
		F940EC34205A5BC200266753 /* ForgotPasswordViewController.swift */ = {isa = PBXFileReference; lastKnownFileType = sourcecode.swift; path = ForgotPasswordViewController.swift; sourceTree = "<group>"; };
		F940EC35205A5BC200266753 /* ForgotPasswordInteractor.swift */ = {isa = PBXFileReference; lastKnownFileType = sourcecode.swift; path = ForgotPasswordInteractor.swift; sourceTree = "<group>"; };
		F940EC36205A5BC200266753 /* ForgotPasswordConfigurator.swift */ = {isa = PBXFileReference; lastKnownFileType = sourcecode.swift; path = ForgotPasswordConfigurator.swift; sourceTree = "<group>"; };
		F940EC41205A9BFF00266753 /* MainPatientPresenter.swift */ = {isa = PBXFileReference; lastKnownFileType = sourcecode.swift; path = MainPatientPresenter.swift; sourceTree = "<group>"; };
		F940EC42205A9BFF00266753 /* MainPatientWorker.swift */ = {isa = PBXFileReference; lastKnownFileType = sourcecode.swift; path = MainPatientWorker.swift; sourceTree = "<group>"; };
		F940EC43205A9BFF00266753 /* MainPatientRouter.swift */ = {isa = PBXFileReference; lastKnownFileType = sourcecode.swift; path = MainPatientRouter.swift; sourceTree = "<group>"; };
		F940EC44205A9BFF00266753 /* MainPatientModels.swift */ = {isa = PBXFileReference; lastKnownFileType = sourcecode.swift; path = MainPatientModels.swift; sourceTree = "<group>"; };
		F940EC45205A9BFF00266753 /* MainPatientViewController.swift */ = {isa = PBXFileReference; lastKnownFileType = sourcecode.swift; path = MainPatientViewController.swift; sourceTree = "<group>"; };
		F940EC46205A9BFF00266753 /* MainPatientInteractor.swift */ = {isa = PBXFileReference; lastKnownFileType = sourcecode.swift; path = MainPatientInteractor.swift; sourceTree = "<group>"; };
		F940EC47205A9BFF00266753 /* MainPatientConfigurator.swift */ = {isa = PBXFileReference; lastKnownFileType = sourcecode.swift; path = MainPatientConfigurator.swift; sourceTree = "<group>"; };
		F940EC51205A9D8E00266753 /* AppStartRouter.swift */ = {isa = PBXFileReference; lastKnownFileType = sourcecode.swift; path = AppStartRouter.swift; sourceTree = "<group>"; };
		F940EC53205AB9EC00266753 /* SplashPresenter.swift */ = {isa = PBXFileReference; lastKnownFileType = sourcecode.swift; path = SplashPresenter.swift; sourceTree = "<group>"; };
		F940EC54205AB9EC00266753 /* SplashWorker.swift */ = {isa = PBXFileReference; lastKnownFileType = sourcecode.swift; path = SplashWorker.swift; sourceTree = "<group>"; };
		F940EC55205AB9EC00266753 /* SplashRouter.swift */ = {isa = PBXFileReference; lastKnownFileType = sourcecode.swift; path = SplashRouter.swift; sourceTree = "<group>"; };
		F940EC56205AB9EC00266753 /* SplashModels.swift */ = {isa = PBXFileReference; lastKnownFileType = sourcecode.swift; path = SplashModels.swift; sourceTree = "<group>"; };
		F940EC57205AB9EC00266753 /* SplashViewController.swift */ = {isa = PBXFileReference; lastKnownFileType = sourcecode.swift; path = SplashViewController.swift; sourceTree = "<group>"; };
		F940EC58205AB9EC00266753 /* SplashInteractor.swift */ = {isa = PBXFileReference; lastKnownFileType = sourcecode.swift; path = SplashInteractor.swift; sourceTree = "<group>"; };
		F940EC59205AB9EC00266753 /* SplashConfigurator.swift */ = {isa = PBXFileReference; lastKnownFileType = sourcecode.swift; path = SplashConfigurator.swift; sourceTree = "<group>"; };
		F940EC64205AC04700266753 /* KeychainExtension.swift */ = {isa = PBXFileReference; lastKnownFileType = sourcecode.swift; path = KeychainExtension.swift; sourceTree = "<group>"; };
		F940EC67205AEDD600266753 /* DrawerPresenter.swift */ = {isa = PBXFileReference; lastKnownFileType = sourcecode.swift; path = DrawerPresenter.swift; sourceTree = "<group>"; };
		F940EC68205AEDD600266753 /* DrawerWorker.swift */ = {isa = PBXFileReference; lastKnownFileType = sourcecode.swift; path = DrawerWorker.swift; sourceTree = "<group>"; };
		F940EC69205AEDD600266753 /* DrawerRouter.swift */ = {isa = PBXFileReference; lastKnownFileType = sourcecode.swift; path = DrawerRouter.swift; sourceTree = "<group>"; };
		F940EC6A205AEDD600266753 /* DrawerModels.swift */ = {isa = PBXFileReference; lastKnownFileType = sourcecode.swift; path = DrawerModels.swift; sourceTree = "<group>"; };
		F940EC6B205AEDD600266753 /* DrawerViewController.swift */ = {isa = PBXFileReference; lastKnownFileType = sourcecode.swift; path = DrawerViewController.swift; sourceTree = "<group>"; };
		F940EC6C205AEDD600266753 /* DrawerInteractor.swift */ = {isa = PBXFileReference; lastKnownFileType = sourcecode.swift; path = DrawerInteractor.swift; sourceTree = "<group>"; };
		F940EC6D205AEDD600266753 /* DrawerConfigurator.swift */ = {isa = PBXFileReference; lastKnownFileType = sourcecode.swift; path = DrawerConfigurator.swift; sourceTree = "<group>"; };
		F940EC75205BBBD600266753 /* RMGradientView.swift */ = {isa = PBXFileReference; lastKnownFileType = sourcecode.swift; path = RMGradientView.swift; sourceTree = "<group>"; };
		F940EC77205BEA4A00266753 /* User.swift */ = {isa = PBXFileReference; lastKnownFileType = sourcecode.swift; path = User.swift; sourceTree = "<group>"; };
		F95AFBE9206A3DA6007CCFB1 /* PasswordValidation.swift */ = {isa = PBXFileReference; lastKnownFileType = sourcecode.swift; path = PasswordValidation.swift; sourceTree = "<group>"; };
		F95AFBEB206A4DBE007CCFB1 /* NameValidation.swift */ = {isa = PBXFileReference; lastKnownFileType = sourcecode.swift; path = NameValidation.swift; sourceTree = "<group>"; };
		F95AFBF1206A6CBC007CCFB1 /* CallDoctorFiltersPresenter.swift */ = {isa = PBXFileReference; lastKnownFileType = sourcecode.swift; path = CallDoctorFiltersPresenter.swift; sourceTree = "<group>"; };
		F95AFBF2206A6CBC007CCFB1 /* CallDoctorFiltersWorker.swift */ = {isa = PBXFileReference; lastKnownFileType = sourcecode.swift; path = CallDoctorFiltersWorker.swift; sourceTree = "<group>"; };
		F95AFBF3206A6CBC007CCFB1 /* CallDoctorFiltersRouter.swift */ = {isa = PBXFileReference; lastKnownFileType = sourcecode.swift; path = CallDoctorFiltersRouter.swift; sourceTree = "<group>"; };
		F95AFBF4206A6CBC007CCFB1 /* CallDoctorFiltersModels.swift */ = {isa = PBXFileReference; lastKnownFileType = sourcecode.swift; path = CallDoctorFiltersModels.swift; sourceTree = "<group>"; };
		F95AFBF5206A6CBC007CCFB1 /* CallDoctorFiltersViewController.swift */ = {isa = PBXFileReference; lastKnownFileType = sourcecode.swift; path = CallDoctorFiltersViewController.swift; sourceTree = "<group>"; };
		F95AFBF6206A6CBC007CCFB1 /* CallDoctorFiltersInteractor.swift */ = {isa = PBXFileReference; lastKnownFileType = sourcecode.swift; path = CallDoctorFiltersInteractor.swift; sourceTree = "<group>"; };
		F95AFBF7206A6CBC007CCFB1 /* CallDoctorFiltersConfigurator.swift */ = {isa = PBXFileReference; lastKnownFileType = sourcecode.swift; path = CallDoctorFiltersConfigurator.swift; sourceTree = "<group>"; };
		F95F140520612F3E00CDC2E5 /* Rozenamah.entitlements */ = {isa = PBXFileReference; lastKnownFileType = text.plist.entitlements; path = Rozenamah.entitlements; sourceTree = "<group>"; };
		F95F140720614A6E00CDC2E5 /* iPhoneDeviceDetection.swift */ = {isa = PBXFileReference; lastKnownFileType = sourcecode.swift; path = iPhoneDeviceDetection.swift; sourceTree = "<group>"; };
		F9753760205FCFAA003DC80E /* Settings.storyboard */ = {isa = PBXFileReference; lastKnownFileType = file.storyboard; path = Settings.storyboard; sourceTree = "<group>"; };
		F9753763205FD509003DC80E /* TermsViewController.swift */ = {isa = PBXFileReference; lastKnownFileType = sourcecode.swift; path = TermsViewController.swift; sourceTree = "<group>"; };
		F9753765205FDADE003DC80E /* RegisterDoctorPresenter.swift */ = {isa = PBXFileReference; lastKnownFileType = sourcecode.swift; path = RegisterDoctorPresenter.swift; sourceTree = "<group>"; };
		F9753766205FDADE003DC80E /* RegisterDoctorWorker.swift */ = {isa = PBXFileReference; lastKnownFileType = sourcecode.swift; path = RegisterDoctorWorker.swift; sourceTree = "<group>"; };
		F9753767205FDADE003DC80E /* RegisterDoctorRouter.swift */ = {isa = PBXFileReference; lastKnownFileType = sourcecode.swift; path = RegisterDoctorRouter.swift; sourceTree = "<group>"; };
		F9753768205FDADE003DC80E /* RegisterDoctorModels.swift */ = {isa = PBXFileReference; lastKnownFileType = sourcecode.swift; path = RegisterDoctorModels.swift; sourceTree = "<group>"; };
		F9753769205FDADE003DC80E /* RegisterDoctorViewController.swift */ = {isa = PBXFileReference; lastKnownFileType = sourcecode.swift; path = RegisterDoctorViewController.swift; sourceTree = "<group>"; };
		F975376A205FDADE003DC80E /* RegisterDoctorInteractor.swift */ = {isa = PBXFileReference; lastKnownFileType = sourcecode.swift; path = RegisterDoctorInteractor.swift; sourceTree = "<group>"; };
		F975376B205FDADE003DC80E /* RegisterDoctorConfigurator.swift */ = {isa = PBXFileReference; lastKnownFileType = sourcecode.swift; path = RegisterDoctorConfigurator.swift; sourceTree = "<group>"; };
		F9753776205FEA70003DC80E /* UIWindowExtension.swift */ = {isa = PBXFileReference; lastKnownFileType = sourcecode.swift; path = UIWindowExtension.swift; sourceTree = "<group>"; };
		F9753778205FF24B003DC80E /* UIButtonExtension.swift */ = {isa = PBXFileReference; lastKnownFileType = sourcecode.swift; path = UIButtonExtension.swift; sourceTree = "<group>"; };
		F97B71EE2062B5960073A968 /* CallDoctorPresenter.swift */ = {isa = PBXFileReference; lastKnownFileType = sourcecode.swift; path = CallDoctorPresenter.swift; sourceTree = "<group>"; };
		F97B71EF2062B5960073A968 /* CallDoctorWorker.swift */ = {isa = PBXFileReference; lastKnownFileType = sourcecode.swift; path = CallDoctorWorker.swift; sourceTree = "<group>"; };
		F97B71F02062B5960073A968 /* CallDoctorRouter.swift */ = {isa = PBXFileReference; lastKnownFileType = sourcecode.swift; path = CallDoctorRouter.swift; sourceTree = "<group>"; };
		F97B71F12062B5960073A968 /* CallDoctorModels.swift */ = {isa = PBXFileReference; lastKnownFileType = sourcecode.swift; path = CallDoctorModels.swift; sourceTree = "<group>"; };
		F97B71F22062B5960073A968 /* CallDoctorViewController.swift */ = {isa = PBXFileReference; lastKnownFileType = sourcecode.swift; path = CallDoctorViewController.swift; sourceTree = "<group>"; };
		F97B71F32062B5960073A968 /* CallDoctorInteractor.swift */ = {isa = PBXFileReference; lastKnownFileType = sourcecode.swift; path = CallDoctorInteractor.swift; sourceTree = "<group>"; };
		F97B71F42062B5960073A968 /* CallDoctorConfigurator.swift */ = {isa = PBXFileReference; lastKnownFileType = sourcecode.swift; path = CallDoctorConfigurator.swift; sourceTree = "<group>"; };
		F97B73A22063A9040073A968 /* KingfisherExtension.swift */ = {isa = PBXFileReference; lastKnownFileType = sourcecode.swift; path = KingfisherExtension.swift; sourceTree = "<group>"; };
		F992D312206D20F000DF0604 /* NotificationWorker.swift */ = {isa = PBXFileReference; lastKnownFileType = sourcecode.swift; path = NotificationWorker.swift; sourceTree = "<group>"; };
		F992D334206E3C0800DF0604 /* MainScreenViewController.swift */ = {isa = PBXFileReference; lastKnownFileType = sourcecode.swift; path = MainScreenViewController.swift; sourceTree = "<group>"; };
		F992D336206E3D6D00DF0604 /* MainDoctorPresenter.swift */ = {isa = PBXFileReference; lastKnownFileType = sourcecode.swift; path = MainDoctorPresenter.swift; sourceTree = "<group>"; };
		F992D337206E3D6D00DF0604 /* MainDoctorWorker.swift */ = {isa = PBXFileReference; lastKnownFileType = sourcecode.swift; path = MainDoctorWorker.swift; sourceTree = "<group>"; };
		F992D338206E3D6D00DF0604 /* MainDoctorRouter.swift */ = {isa = PBXFileReference; lastKnownFileType = sourcecode.swift; path = MainDoctorRouter.swift; sourceTree = "<group>"; };
		F992D339206E3D6D00DF0604 /* MainDoctorModels.swift */ = {isa = PBXFileReference; lastKnownFileType = sourcecode.swift; path = MainDoctorModels.swift; sourceTree = "<group>"; };
		F992D33A206E3D6D00DF0604 /* MainDoctorViewController.swift */ = {isa = PBXFileReference; lastKnownFileType = sourcecode.swift; path = MainDoctorViewController.swift; sourceTree = "<group>"; };
		F992D33B206E3D6D00DF0604 /* MainDoctorInteractor.swift */ = {isa = PBXFileReference; lastKnownFileType = sourcecode.swift; path = MainDoctorInteractor.swift; sourceTree = "<group>"; };
		F992D33C206E3D6D00DF0604 /* MainDoctorConfigurator.swift */ = {isa = PBXFileReference; lastKnownFileType = sourcecode.swift; path = MainDoctorConfigurator.swift; sourceTree = "<group>"; };
		F992D345206E40E700DF0604 /* MainScreenInteractor.swift */ = {isa = PBXFileReference; lastKnownFileType = sourcecode.swift; path = MainScreenInteractor.swift; sourceTree = "<group>"; };
		F992D347206E418100DF0604 /* MainScreenPresenter.swift */ = {isa = PBXFileReference; lastKnownFileType = sourcecode.swift; path = MainScreenPresenter.swift; sourceTree = "<group>"; };
		F9A9F2A3204D5897006E8999 /* Router.swift */ = {isa = PBXFileReference; lastKnownFileType = sourcecode.swift; path = Router.swift; sourceTree = "<group>"; };
		F9CA96AB205FCA5200CB4B68 /* Settings.swift */ = {isa = PBXFileReference; lastKnownFileType = sourcecode.swift; path = Settings.swift; sourceTree = "<group>"; };
		F9CEDE4B2063F139004ED0C7 /* ReportPresenter.swift */ = {isa = PBXFileReference; lastKnownFileType = sourcecode.swift; path = ReportPresenter.swift; sourceTree = "<group>"; };
		F9CEDE4C2063F139004ED0C7 /* ReportWorker.swift */ = {isa = PBXFileReference; lastKnownFileType = sourcecode.swift; path = ReportWorker.swift; sourceTree = "<group>"; };
		F9CEDE4D2063F139004ED0C7 /* ReportRouter.swift */ = {isa = PBXFileReference; lastKnownFileType = sourcecode.swift; path = ReportRouter.swift; sourceTree = "<group>"; };
		F9CEDE4E2063F139004ED0C7 /* ReportModels.swift */ = {isa = PBXFileReference; lastKnownFileType = sourcecode.swift; path = ReportModels.swift; sourceTree = "<group>"; };
		F9CEDE4F2063F139004ED0C7 /* ReportViewController.swift */ = {isa = PBXFileReference; lastKnownFileType = sourcecode.swift; path = ReportViewController.swift; sourceTree = "<group>"; };
		F9CEDE502063F139004ED0C7 /* ReportInteractor.swift */ = {isa = PBXFileReference; lastKnownFileType = sourcecode.swift; path = ReportInteractor.swift; sourceTree = "<group>"; };
		F9CEDE512063F139004ED0C7 /* ReportConfigurator.swift */ = {isa = PBXFileReference; lastKnownFileType = sourcecode.swift; path = ReportConfigurator.swift; sourceTree = "<group>"; };
		F9CEDE5A206521DA004ED0C7 /* EditProfilePresenter.swift */ = {isa = PBXFileReference; lastKnownFileType = sourcecode.swift; path = EditProfilePresenter.swift; sourceTree = "<group>"; };
		F9CEDE5B206521DA004ED0C7 /* EditProfileWorker.swift */ = {isa = PBXFileReference; lastKnownFileType = sourcecode.swift; path = EditProfileWorker.swift; sourceTree = "<group>"; };
		F9CEDE5C206521DA004ED0C7 /* EditProfileRouter.swift */ = {isa = PBXFileReference; lastKnownFileType = sourcecode.swift; path = EditProfileRouter.swift; sourceTree = "<group>"; };
		F9CEDE5D206521DA004ED0C7 /* EditProfileModels.swift */ = {isa = PBXFileReference; lastKnownFileType = sourcecode.swift; path = EditProfileModels.swift; sourceTree = "<group>"; };
		F9CEDE5E206521DA004ED0C7 /* EditProfileViewController.swift */ = {isa = PBXFileReference; lastKnownFileType = sourcecode.swift; path = EditProfileViewController.swift; sourceTree = "<group>"; };
		F9CEDE5F206521DA004ED0C7 /* EditProfileInteractor.swift */ = {isa = PBXFileReference; lastKnownFileType = sourcecode.swift; path = EditProfileInteractor.swift; sourceTree = "<group>"; };
		F9CEDE60206521DA004ED0C7 /* EditProfileConfigurator.swift */ = {isa = PBXFileReference; lastKnownFileType = sourcecode.swift; path = EditProfileConfigurator.swift; sourceTree = "<group>"; };
/* End PBXFileReference section */

/* Begin PBXFrameworksBuildPhase section */
		F9093A6A204992CB00CB041A /* Frameworks */ = {
			isa = PBXFrameworksBuildPhase;
			buildActionMask = 2147483647;
			files = (
				7ECDCEA743DA7CE9F4FA6022 /* Pods_Rozenamah.framework in Frameworks */,
			);
			runOnlyForDeploymentPostprocessing = 0;
		};
/* End PBXFrameworksBuildPhase section */

/* Begin PBXGroup section */
		2F43CA1628D611B968D46E2E /* Pods */ = {
			isa = PBXGroup;
			children = (
				5EADC32AED147D733870FB5F /* Pods-Rozenamah.debug.xcconfig */,
				12F2CF19FFFACE3A5994653E /* Pods-Rozenamah.release.xcconfig */,
			);
			name = Pods;
			sourceTree = "<group>";
		};
		874F15E483C601219057571A /* Frameworks */ = {
			isa = PBXGroup;
			children = (
				4CCFFA696C6B25E57686CF22 /* Pods_Rozenamah.framework */,
			);
			name = Frameworks;
			sourceTree = "<group>";
		};
		F9093A64204992CB00CB041A = {
			isa = PBXGroup;
			children = (
				F9093A6F204992CB00CB041A /* Rozenamah */,
				F9093A6E204992CB00CB041A /* Products */,
				2F43CA1628D611B968D46E2E /* Pods */,
				874F15E483C601219057571A /* Frameworks */,
			);
			sourceTree = "<group>";
		};
		F9093A6E204992CB00CB041A /* Products */ = {
			isa = PBXGroup;
			children = (
				F9093A6D204992CB00CB041A /* Rozenamah.app */,
			);
			name = Products;
			sourceTree = "<group>";
		};
		F9093A6F204992CB00CB041A /* Rozenamah */ = {
			isa = PBXGroup;
			children = (
				F95F140520612F3E00CDC2E5 /* Rozenamah.entitlements */,
				F9A9F2A0204D5881006E8999 /* Common */,
				F9A9F297204D57FA006E8999 /* Scenes */,
				F9093A70204992CB00CB041A /* AppDelegate.swift */,
				F940EC2A20595A1100266753 /* API.swift */,
				F9093A77204992CB00CB041A /* Assets.xcassets */,
				F9093A79204992CB00CB041A /* LaunchScreen.storyboard */,
				F9093A7C204992CB00CB041A /* Info.plist */,
			);
			path = Rozenamah;
			sourceTree = "<group>";
		};
		F940EA482057EE9300266753 /* Welcome */ = {
			isa = PBXGroup;
			children = (
				F940EA492058147000266753 /* WelcomePresenter.swift */,
				F940EA4A2058147000266753 /* WelcomeWorker.swift */,
				F940EA4B2058147000266753 /* WelcomeRouter.swift */,
				F940EA4C2058147000266753 /* WelcomeModels.swift */,
				F940EA4D2058147000266753 /* WelcomeViewController.swift */,
				F940EA4E2058147000266753 /* WelcomeInteractor.swift */,
				F940EA4F2058147000266753 /* WelcomeConfigurator.swift */,
			);
			path = Welcome;
			sourceTree = "<group>";
		};
		F940EA67205820CF00266753 /* Common */ = {
			isa = PBXGroup;
			children = (
				F940EA6E2058278E00266753 /* Validators */,
				F940EA6D2058278800266753 /* Views */,
			);
			path = Common;
			sourceTree = "<group>";
		};
		F940EA6A2058237A00266753 /* Extension */ = {
			isa = PBXGroup;
			children = (
				F940EA6B2058239100266753 /* UIColorExtension.swift */,
				F940EC2C205963ED00266753 /* AlamofireExtension.swift */,
				F940EC64205AC04700266753 /* KeychainExtension.swift */,
				F9753776205FEA70003DC80E /* UIWindowExtension.swift */,
				F9753778205FF24B003DC80E /* UIButtonExtension.swift */,
				F97B73A22063A9040073A968 /* KingfisherExtension.swift */,
			);
			path = Extension;
			sourceTree = "<group>";
		};
		F940EA6D2058278800266753 /* Views */ = {
			isa = PBXGroup;
			children = (
				F940EA68205820DF00266753 /* RMTextFieldWithError.swift */,
			);
			path = Views;
			sourceTree = "<group>";
		};
		F940EA6E2058278E00266753 /* Validators */ = {
			isa = PBXGroup;
			children = (
				F940EA6F205827AD00266753 /* EmailValidation.swift */,
				F95AFBE9206A3DA6007CCFB1 /* PasswordValidation.swift */,
				F95AFBEB206A4DBE007CCFB1 /* NameValidation.swift */,
			);
			path = Validators;
			sourceTree = "<group>";
		};
		F940EC192059334100266753 /* RegisterPatient */ = {
			isa = PBXGroup;
			children = (
				F940EC1A2059335E00266753 /* RegisterPatientPresenter.swift */,
				F940EC1B2059335E00266753 /* RegisterPatientWorker.swift */,
				F940EC1C2059335E00266753 /* RegisterPatientRouter.swift */,
				F940EC1D2059335E00266753 /* RegisterPatientModels.swift */,
				F940EC1E2059335E00266753 /* RegisterPatientViewController.swift */,
				F940EC1F2059335E00266753 /* RegisterPatientInteractor.swift */,
				F940EC202059335E00266753 /* RegisterPatientConfigurator.swift */,
			);
			path = RegisterPatient;
			sourceTree = "<group>";
		};
		F940EC3F205A9BDB00266753 /* MainScreen */ = {
			isa = PBXGroup;
			children = (
				F992D333206E3BF700DF0604 /* Common */,
				F992D315206E393800DF0604 /* Doctor */,
				F95F140C2061543600CDC2E5 /* Patient */,
			);
			path = MainScreen;
			sourceTree = "<group>";
		};
		F940EC66205AEDC600266753 /* Drawer */ = {
			isa = PBXGroup;
			children = (
				F95F140620614A5C00CDC2E5 /* Utils */,
				F940EC67205AEDD600266753 /* DrawerPresenter.swift */,
				F940EC68205AEDD600266753 /* DrawerWorker.swift */,
				F940EC69205AEDD600266753 /* DrawerRouter.swift */,
				F940EC6A205AEDD600266753 /* DrawerModels.swift */,
				F940EC6B205AEDD600266753 /* DrawerViewController.swift */,
				F940EC6C205AEDD600266753 /* DrawerInteractor.swift */,
				F940EC6D205AEDD600266753 /* DrawerConfigurator.swift */,
			);
			path = Drawer;
			sourceTree = "<group>";
		};
		F95AFBED206A59B5007CCFB1 /* Controllers */ = {
			isa = PBXGroup;
			children = (
			);
			path = Controllers;
			sourceTree = "<group>";
		};
		F95AFBF0206A6CAD007CCFB1 /* CallDoctorFilters */ = {
			isa = PBXGroup;
			children = (
				F95AFBF1206A6CBC007CCFB1 /* CallDoctorFiltersPresenter.swift */,
				F95AFBF2206A6CBC007CCFB1 /* CallDoctorFiltersWorker.swift */,
				F95AFBF3206A6CBC007CCFB1 /* CallDoctorFiltersRouter.swift */,
				F95AFBF4206A6CBC007CCFB1 /* CallDoctorFiltersModels.swift */,
				F95AFBF5206A6CBC007CCFB1 /* CallDoctorFiltersViewController.swift */,
				F95AFBF6206A6CBC007CCFB1 /* CallDoctorFiltersInteractor.swift */,
				F95AFBF7206A6CBC007CCFB1 /* CallDoctorFiltersConfigurator.swift */,
			);
			path = CallDoctorFilters;
			sourceTree = "<group>";
		};
		F95F140620614A5C00CDC2E5 /* Utils */ = {
			isa = PBXGroup;
			children = (
				F95F140720614A6E00CDC2E5 /* iPhoneDeviceDetection.swift */,
			);
			path = Utils;
			sourceTree = "<group>";
		};
		F95F140C2061543600CDC2E5 /* Patient */ = {
			isa = PBXGroup;
			children = (
				F992D344206E3F8F00DF0604 /* MainPatient */,
				F95AFBF0206A6CAD007CCFB1 /* CallDoctorFilters */,
				F97B71ED2062B5840073A968 /* CallDoctor */,
			);
			path = Patient;
			sourceTree = "<group>";
		};
		F975375E205FCE63003DC80E /* RegisterDoctor */ = {
			isa = PBXGroup;
			children = (
				F9753765205FDADE003DC80E /* RegisterDoctorPresenter.swift */,
				F9753766205FDADE003DC80E /* RegisterDoctorWorker.swift */,
				F9753767205FDADE003DC80E /* RegisterDoctorRouter.swift */,
				F9753768205FDADE003DC80E /* RegisterDoctorModels.swift */,
				F9753769205FDADE003DC80E /* RegisterDoctorViewController.swift */,
				F975376A205FDADE003DC80E /* RegisterDoctorInteractor.swift */,
				F975376B205FDADE003DC80E /* RegisterDoctorConfigurator.swift */,
			);
			path = RegisterDoctor;
			sourceTree = "<group>";
		};
		F975375F205FCF9E003DC80E /* Settings */ = {
			isa = PBXGroup;
			children = (
				F9CEDE59206521CB004ED0C7 /* EditProfile */,
				F9CEDE4A2063F12D004ED0C7 /* Report */,
				F9753762205FD4EC003DC80E /* Terms */,
				F9753760205FCFAA003DC80E /* Settings.storyboard */,
			);
			path = Settings;
			sourceTree = "<group>";
		};
		F9753762205FD4EC003DC80E /* Terms */ = {
			isa = PBXGroup;
			children = (
				F9753763205FD509003DC80E /* TermsViewController.swift */,
			);
			path = Terms;
			sourceTree = "<group>";
		};
		F97B71ED2062B5840073A968 /* CallDoctor */ = {
			isa = PBXGroup;
			children = (
				F97B71EE2062B5960073A968 /* CallDoctorPresenter.swift */,
				F97B71EF2062B5960073A968 /* CallDoctorWorker.swift */,
				F97B71F02062B5960073A968 /* CallDoctorRouter.swift */,
				F97B71F12062B5960073A968 /* CallDoctorModels.swift */,
				F97B71F22062B5960073A968 /* CallDoctorViewController.swift */,
				F97B71F32062B5960073A968 /* CallDoctorInteractor.swift */,
				F97B71F42062B5960073A968 /* CallDoctorConfigurator.swift */,
			);
			path = CallDoctor;
			sourceTree = "<group>";
		};
		F992D311206D20E700DF0604 /* Workers */ = {
			isa = PBXGroup;
			children = (
				F992D312206D20F000DF0604 /* NotificationWorker.swift */,
			);
			path = Workers;
			sourceTree = "<group>";
		};
		F992D315206E393800DF0604 /* Doctor */ = {
			isa = PBXGroup;
			children = (
				F992D316206E394200DF0604 /* MainDoctor */,
			);
			path = Doctor;
			sourceTree = "<group>";
		};
		F992D316206E394200DF0604 /* MainDoctor */ = {
			isa = PBXGroup;
			children = (
				F992D336206E3D6D00DF0604 /* MainDoctorPresenter.swift */,
				F992D337206E3D6D00DF0604 /* MainDoctorWorker.swift */,
				F992D338206E3D6D00DF0604 /* MainDoctorRouter.swift */,
				F992D339206E3D6D00DF0604 /* MainDoctorModels.swift */,
				F992D33A206E3D6D00DF0604 /* MainDoctorViewController.swift */,
				F992D33B206E3D6D00DF0604 /* MainDoctorInteractor.swift */,
				F992D33C206E3D6D00DF0604 /* MainDoctorConfigurator.swift */,
			);
			path = MainDoctor;
			sourceTree = "<group>";
		};
		F992D333206E3BF700DF0604 /* Common */ = {
			isa = PBXGroup;
			children = (
				F992D334206E3C0800DF0604 /* MainScreenViewController.swift */,
				F992D345206E40E700DF0604 /* MainScreenInteractor.swift */,
				F992D347206E418100DF0604 /* MainScreenPresenter.swift */,
			);
			path = Common;
			sourceTree = "<group>";
		};
		F992D344206E3F8F00DF0604 /* MainPatient */ = {
			isa = PBXGroup;
			children = (
				F940EC41205A9BFF00266753 /* MainPatientPresenter.swift */,
				F940EC42205A9BFF00266753 /* MainPatientWorker.swift */,
				F940EC43205A9BFF00266753 /* MainPatientRouter.swift */,
				F940EC44205A9BFF00266753 /* MainPatientModels.swift */,
				F940EC45205A9BFF00266753 /* MainPatientViewController.swift */,
				F940EC46205A9BFF00266753 /* MainPatientInteractor.swift */,
				F940EC47205A9BFF00266753 /* MainPatientConfigurator.swift */,
			);
			path = MainPatient;
			sourceTree = "<group>";
		};
		F9A9F296204D57F3006E8999 /* Views */ = {
			isa = PBXGroup;
			children = (
				F940EA65205817DF00266753 /* RMNavigationBar.swift */,
				F940EC75205BBBD600266753 /* RMGradientView.swift */,
			);
			path = Views;
			sourceTree = "<group>";
		};
		F9A9F297204D57FA006E8999 /* Scenes */ = {
			isa = PBXGroup;
			children = (
				F975375F205FCF9E003DC80E /* Settings */,
				F9A9F299204D5810006E8999 /* Main */,
				F9A9F298204D57FF006E8999 /* Session */,
			);
			path = Scenes;
			sourceTree = "<group>";
		};
		F9A9F298204D57FF006E8999 /* Session */ = {
			isa = PBXGroup;
			children = (
				F940EA462057E8F700266753 /* Session.storyboard */,
				F940EA67205820CF00266753 /* Common */,
				F940EA482057EE9300266753 /* Welcome */,
				F9A9F29D204D584E006E8999 /* Splash */,
				F9A9F29C204D5843006E8999 /* ForgotPassword */,
				F9A9F29B204D583F006E8999 /* Register */,
				F9A9F29A204D5815006E8999 /* Login */,
			);
			path = Session;
			sourceTree = "<group>";
		};
		F9A9F299204D5810006E8999 /* Main */ = {
			isa = PBXGroup;
			children = (
				F940EC66205AEDC600266753 /* Drawer */,
				F940EC3F205A9BDB00266753 /* MainScreen */,
				F940EC2E20596CAE00266753 /* Main.storyboard */,
			);
			path = Main;
			sourceTree = "<group>";
		};
		F9A9F29A204D5815006E8999 /* Login */ = {
			isa = PBXGroup;
			children = (
				F940EA572058148300266753 /* LoginPresenter.swift */,
				F940EA582058148300266753 /* LoginWorker.swift */,
				F940EA592058148300266753 /* LoginRouter.swift */,
				F940EA5A2058148300266753 /* LoginModels.swift */,
				F940EA5B2058148300266753 /* LoginViewController.swift */,
				F940EA5C2058148300266753 /* LoginInteractor.swift */,
				F940EA5D2058148300266753 /* LoginConfigurator.swift */,
			);
			path = Login;
			sourceTree = "<group>";
		};
		F9A9F29B204D583F006E8999 /* Register */ = {
			isa = PBXGroup;
			children = (
				F975375E205FCE63003DC80E /* RegisterDoctor */,
				F940EC192059334100266753 /* RegisterPatient */,
			);
			path = Register;
			sourceTree = "<group>";
		};
		F9A9F29C204D5843006E8999 /* ForgotPassword */ = {
			isa = PBXGroup;
			children = (
				F940EC30205A5BC200266753 /* ForgotPasswordPresenter.swift */,
				F940EC31205A5BC200266753 /* ForgotPasswordWorker.swift */,
				F940EC32205A5BC200266753 /* ForgotPasswordRouter.swift */,
				F940EC33205A5BC200266753 /* ForgotPasswordModels.swift */,
				F940EC34205A5BC200266753 /* ForgotPasswordViewController.swift */,
				F940EC35205A5BC200266753 /* ForgotPasswordInteractor.swift */,
				F940EC36205A5BC200266753 /* ForgotPasswordConfigurator.swift */,
			);
			path = ForgotPassword;
			sourceTree = "<group>";
		};
		F9A9F29D204D584E006E8999 /* Splash */ = {
			isa = PBXGroup;
			children = (
				F940EC53205AB9EC00266753 /* SplashPresenter.swift */,
				F940EC54205AB9EC00266753 /* SplashWorker.swift */,
				F940EC55205AB9EC00266753 /* SplashRouter.swift */,
				F940EC56205AB9EC00266753 /* SplashModels.swift */,
				F940EC57205AB9EC00266753 /* SplashViewController.swift */,
				F940EC58205AB9EC00266753 /* SplashInteractor.swift */,
				F940EC59205AB9EC00266753 /* SplashConfigurator.swift */,
			);
			path = Splash;
			sourceTree = "<group>";
		};
		F9A9F2A0204D5881006E8999 /* Common */ = {
			isa = PBXGroup;
			children = (
				F992D311206D20E700DF0604 /* Workers */,
				F95AFBED206A59B5007CCFB1 /* Controllers */,
				F9CA96AA205FCA4800CB4B68 /* Storage */,
				F940EA6A2058237A00266753 /* Extension */,
				F9A9F2A2204D588C006E8999 /* Models */,
				F9A9F2A1204D5887006E8999 /* Routers */,
				F9A9F296204D57F3006E8999 /* Views */,
			);
			path = Common;
			sourceTree = "<group>";
		};
		F9A9F2A1204D5887006E8999 /* Routers */ = {
			isa = PBXGroup;
			children = (
				F9A9F2A3204D5897006E8999 /* Router.swift */,
				F940EA71205828ED00266753 /* AlertRouter.swift */,
				F940EC28205937CD00266753 /* PhotoTakeRouter.swift */,
				F940EC51205A9D8E00266753 /* AppStartRouter.swift */,
				F92D1973206CEF9700F5FC78 /* ClassificationsRouter.swift */,
			);
			path = Routers;
			sourceTree = "<group>";
		};
		F9A9F2A2204D588C006E8999 /* Models */ = {
			isa = PBXGroup;
			children = (
				F940EC77205BEA4A00266753 /* User.swift */,
			);
			path = Models;
			sourceTree = "<group>";
		};
		F9CA96AA205FCA4800CB4B68 /* Storage */ = {
			isa = PBXGroup;
			children = (
				F9CA96AB205FCA5200CB4B68 /* Settings.swift */,
			);
			path = Storage;
			sourceTree = "<group>";
		};
		F9CEDE4A2063F12D004ED0C7 /* Report */ = {
			isa = PBXGroup;
			children = (
				F9CEDE4B2063F139004ED0C7 /* ReportPresenter.swift */,
				F9CEDE4C2063F139004ED0C7 /* ReportWorker.swift */,
				F9CEDE4D2063F139004ED0C7 /* ReportRouter.swift */,
				F9CEDE4E2063F139004ED0C7 /* ReportModels.swift */,
				F9CEDE4F2063F139004ED0C7 /* ReportViewController.swift */,
				F9CEDE502063F139004ED0C7 /* ReportInteractor.swift */,
				F9CEDE512063F139004ED0C7 /* ReportConfigurator.swift */,
			);
			path = Report;
			sourceTree = "<group>";
		};
		F9CEDE59206521CB004ED0C7 /* EditProfile */ = {
			isa = PBXGroup;
			children = (
				F9CEDE5A206521DA004ED0C7 /* EditProfilePresenter.swift */,
				F9CEDE5B206521DA004ED0C7 /* EditProfileWorker.swift */,
				F9CEDE5C206521DA004ED0C7 /* EditProfileRouter.swift */,
				F9CEDE5D206521DA004ED0C7 /* EditProfileModels.swift */,
				F9CEDE5E206521DA004ED0C7 /* EditProfileViewController.swift */,
				F9CEDE5F206521DA004ED0C7 /* EditProfileInteractor.swift */,
				F9CEDE60206521DA004ED0C7 /* EditProfileConfigurator.swift */,
			);
			path = EditProfile;
			sourceTree = "<group>";
		};
/* End PBXGroup section */

/* Begin PBXNativeTarget section */
		F9093A6C204992CB00CB041A /* Rozenamah */ = {
			isa = PBXNativeTarget;
			buildConfigurationList = F9093A7F204992CB00CB041A /* Build configuration list for PBXNativeTarget "Rozenamah" */;
			buildPhases = (
				595586B31B5CC6DE378765AA /* [CP] Check Pods Manifest.lock */,
				F9093A69204992CB00CB041A /* Sources */,
				F9093A6A204992CB00CB041A /* Frameworks */,
				F9093A6B204992CB00CB041A /* Resources */,
				87CC8A2E5D54EE3735BA8D9D /* [CP] Embed Pods Frameworks */,
				85ECF47341E4347EB6C1F628 /* [CP] Copy Pods Resources */,
				F940EC3E205A872700266753 /* ShellScript */,
			);
			buildRules = (
			);
			dependencies = (
			);
			name = Rozenamah;
			productName = Rozenamah;
			productReference = F9093A6D204992CB00CB041A /* Rozenamah.app */;
			productType = "com.apple.product-type.application";
		};
/* End PBXNativeTarget section */

/* Begin PBXProject section */
		F9093A65204992CB00CB041A /* Project object */ = {
			isa = PBXProject;
			attributes = {
				LastSwiftUpdateCheck = 0920;
				LastUpgradeCheck = 0920;
				ORGANIZATIONNAME = "Dominik Majda";
				TargetAttributes = {
					F9093A6C204992CB00CB041A = {
						CreatedOnToolsVersion = 9.2;
						ProvisioningStyle = Manual;
						SystemCapabilities = {
							com.apple.Push = {
								enabled = 1;
							};
							com.apple.iCloud = {
								enabled = 1;
							};
						};
					};
				};
			};
			buildConfigurationList = F9093A68204992CB00CB041A /* Build configuration list for PBXProject "Rozenamah" */;
			compatibilityVersion = "Xcode 8.0";
			developmentRegion = en;
			hasScannedForEncodings = 0;
			knownRegions = (
				en,
				Base,
			);
			mainGroup = F9093A64204992CB00CB041A;
			productRefGroup = F9093A6E204992CB00CB041A /* Products */;
			projectDirPath = "";
			projectRoot = "";
			targets = (
				F9093A6C204992CB00CB041A /* Rozenamah */,
			);
		};
/* End PBXProject section */

/* Begin PBXResourcesBuildPhase section */
		F9093A6B204992CB00CB041A /* Resources */ = {
			isa = PBXResourcesBuildPhase;
			buildActionMask = 2147483647;
			files = (
				F9093A7B204992CB00CB041A /* LaunchScreen.storyboard in Resources */,
				F9093A78204992CB00CB041A /* Assets.xcassets in Resources */,
				F940EA472057E8F700266753 /* Session.storyboard in Resources */,
				F940EC2F20596CAE00266753 /* Main.storyboard in Resources */,
				F9753761205FCFAA003DC80E /* Settings.storyboard in Resources */,
			);
			runOnlyForDeploymentPostprocessing = 0;
		};
/* End PBXResourcesBuildPhase section */

/* Begin PBXShellScriptBuildPhase section */
		595586B31B5CC6DE378765AA /* [CP] Check Pods Manifest.lock */ = {
			isa = PBXShellScriptBuildPhase;
			buildActionMask = 2147483647;
			files = (
			);
			inputPaths = (
				"${PODS_PODFILE_DIR_PATH}/Podfile.lock",
				"${PODS_ROOT}/Manifest.lock",
			);
			name = "[CP] Check Pods Manifest.lock";
			outputPaths = (
				"$(DERIVED_FILE_DIR)/Pods-Rozenamah-checkManifestLockResult.txt",
			);
			runOnlyForDeploymentPostprocessing = 0;
			shellPath = /bin/sh;
			shellScript = "diff \"${PODS_PODFILE_DIR_PATH}/Podfile.lock\" \"${PODS_ROOT}/Manifest.lock\" > /dev/null\nif [ $? != 0 ] ; then\n    # print error to STDERR\n    echo \"error: The sandbox is not in sync with the Podfile.lock. Run 'pod install' or update your CocoaPods installation.\" >&2\n    exit 1\nfi\n# This output is used by Xcode 'outputs' to avoid re-running this script phase.\necho \"SUCCESS\" > \"${SCRIPT_OUTPUT_FILE_0}\"\n";
			showEnvVarsInLog = 0;
		};
		85ECF47341E4347EB6C1F628 /* [CP] Copy Pods Resources */ = {
			isa = PBXShellScriptBuildPhase;
			buildActionMask = 2147483647;
			files = (
			);
			inputPaths = (
				"${SRCROOT}/Pods/Target Support Files/Pods-Rozenamah/Pods-Rozenamah-resources.sh",
				"${PODS_ROOT}/GoogleMaps/Maps/Frameworks/GoogleMaps.framework/Resources/GoogleMaps.bundle",
			);
			name = "[CP] Copy Pods Resources";
			outputPaths = (
				"${TARGET_BUILD_DIR}/${UNLOCALIZED_RESOURCES_FOLDER_PATH}",
			);
			runOnlyForDeploymentPostprocessing = 0;
			shellPath = /bin/sh;
			shellScript = "\"${SRCROOT}/Pods/Target Support Files/Pods-Rozenamah/Pods-Rozenamah-resources.sh\"\n";
			showEnvVarsInLog = 0;
		};
		87CC8A2E5D54EE3735BA8D9D /* [CP] Embed Pods Frameworks */ = {
			isa = PBXShellScriptBuildPhase;
			buildActionMask = 2147483647;
			files = (
			);
			inputPaths = (
				"${SRCROOT}/Pods/Target Support Files/Pods-Rozenamah/Pods-Rozenamah-frameworks.sh",
				"${BUILT_PRODUCTS_DIR}/Alamofire/Alamofire.framework",
				"${BUILT_PRODUCTS_DIR}/AlamofireNetworkActivityIndicator/AlamofireNetworkActivityIndicator.framework",
				"${BUILT_PRODUCTS_DIR}/IQKeyboardManager/IQKeyboardManager.framework",
				"${BUILT_PRODUCTS_DIR}/KeychainAccess/KeychainAccess.framework",
				"${BUILT_PRODUCTS_DIR}/Kingfisher/Kingfisher.framework",
				"${BUILT_PRODUCTS_DIR}/SlideMenuControllerSwift/SlideMenuControllerSwift.framework",
				"${BUILT_PRODUCTS_DIR}/SwiftCake/SwiftCake.framework",
				"${BUILT_PRODUCTS_DIR}/SwiftyJSON/SwiftyJSON.framework",
			);
			name = "[CP] Embed Pods Frameworks";
			outputPaths = (
				"${TARGET_BUILD_DIR}/${FRAMEWORKS_FOLDER_PATH}/Alamofire.framework",
				"${TARGET_BUILD_DIR}/${FRAMEWORKS_FOLDER_PATH}/AlamofireNetworkActivityIndicator.framework",
				"${TARGET_BUILD_DIR}/${FRAMEWORKS_FOLDER_PATH}/IQKeyboardManager.framework",
				"${TARGET_BUILD_DIR}/${FRAMEWORKS_FOLDER_PATH}/KeychainAccess.framework",
				"${TARGET_BUILD_DIR}/${FRAMEWORKS_FOLDER_PATH}/Kingfisher.framework",
				"${TARGET_BUILD_DIR}/${FRAMEWORKS_FOLDER_PATH}/SlideMenuControllerSwift.framework",
				"${TARGET_BUILD_DIR}/${FRAMEWORKS_FOLDER_PATH}/SwiftCake.framework",
				"${TARGET_BUILD_DIR}/${FRAMEWORKS_FOLDER_PATH}/SwiftyJSON.framework",
			);
			runOnlyForDeploymentPostprocessing = 0;
			shellPath = /bin/sh;
			shellScript = "\"${SRCROOT}/Pods/Target Support Files/Pods-Rozenamah/Pods-Rozenamah-frameworks.sh\"\n";
			showEnvVarsInLog = 0;
		};
		F940EC3E205A872700266753 /* ShellScript */ = {
			isa = PBXShellScriptBuildPhase;
			buildActionMask = 2147483647;
			files = (
			);
			inputPaths = (
			);
			outputPaths = (
			);
			runOnlyForDeploymentPostprocessing = 0;
			shellPath = /bin/sh;
			shellScript = "\"${PODS_ROOT}/Fabric/run\" 3bad39c7450316381cb752e8697bfd31879096e1 69c933c66f36599e4a3956ec99891a9b65fe89efccf3e57454ae257e846bb3c0";
		};
/* End PBXShellScriptBuildPhase section */

/* Begin PBXSourcesBuildPhase section */
		F9093A69204992CB00CB041A /* Sources */ = {
			isa = PBXSourcesBuildPhase;
			buildActionMask = 2147483647;
			files = (
				F940EA542058147000266753 /* WelcomeViewController.swift in Sources */,
				F940EC38205A5BC200266753 /* ForgotPasswordWorker.swift in Sources */,
				F940EC5C205AB9EC00266753 /* SplashRouter.swift in Sources */,
				F9CEDE61206521DA004ED0C7 /* EditProfilePresenter.swift in Sources */,
				F992D313206D20F000DF0604 /* NotificationWorker.swift in Sources */,
				F97B73A32063A9040073A968 /* KingfisherExtension.swift in Sources */,
				F940EC5E205AB9EC00266753 /* SplashViewController.swift in Sources */,
				F97B71FA2062B5960073A968 /* CallDoctorInteractor.swift in Sources */,
				F9CEDE67206521DA004ED0C7 /* EditProfileConfigurator.swift in Sources */,
				F9CEDE542063F139004ED0C7 /* ReportRouter.swift in Sources */,
				F940EC6F205AEDD600266753 /* DrawerWorker.swift in Sources */,
				F940EC5B205AB9EC00266753 /* SplashWorker.swift in Sources */,
				F940EC232059335E00266753 /* RegisterPatientRouter.swift in Sources */,
				F940EA532058147000266753 /* WelcomeModels.swift in Sources */,
				F940EA622058148300266753 /* LoginViewController.swift in Sources */,
				F9CEDE582063F139004ED0C7 /* ReportConfigurator.swift in Sources */,
				F940EA632058148300266753 /* LoginInteractor.swift in Sources */,
				F92D1974206CEF9700F5FC78 /* ClassificationsRouter.swift in Sources */,
				F992D33F206E3D6D00DF0604 /* MainDoctorRouter.swift in Sources */,
				F992D33D206E3D6D00DF0604 /* MainDoctorPresenter.swift in Sources */,
				F9CEDE62206521DA004ED0C7 /* EditProfileWorker.swift in Sources */,
				F940EC39205A5BC200266753 /* ForgotPasswordRouter.swift in Sources */,
				F940EA72205828ED00266753 /* AlertRouter.swift in Sources */,
				F940EC65205AC04700266753 /* KeychainExtension.swift in Sources */,
				F97B71F62062B5960073A968 /* CallDoctorWorker.swift in Sources */,
				F940EC272059335E00266753 /* RegisterPatientConfigurator.swift in Sources */,
				F97B71F92062B5960073A968 /* CallDoctorViewController.swift in Sources */,
				F992D348206E418100DF0604 /* MainScreenPresenter.swift in Sources */,
				F95AFBFB206A6CBC007CCFB1 /* CallDoctorFiltersModels.swift in Sources */,
				F940EC6E205AEDD600266753 /* DrawerPresenter.swift in Sources */,
				F992D33E206E3D6D00DF0604 /* MainDoctorWorker.swift in Sources */,
				F940EC3C205A5BC200266753 /* ForgotPasswordInteractor.swift in Sources */,
				F975376D205FDADE003DC80E /* RegisterDoctorWorker.swift in Sources */,
				F940EA502058147000266753 /* WelcomePresenter.swift in Sources */,
				F940EC48205A9BFF00266753 /* MainPatientPresenter.swift in Sources */,
				F940EA5E2058148300266753 /* LoginPresenter.swift in Sources */,
				F9A9F2A4204D5897006E8999 /* Router.swift in Sources */,
				F95AFBFC206A6CBC007CCFB1 /* CallDoctorFiltersViewController.swift in Sources */,
				F940EC252059335E00266753 /* RegisterPatientViewController.swift in Sources */,
				F940EC4E205A9BFF00266753 /* MainPatientConfigurator.swift in Sources */,
				F940EC5D205AB9EC00266753 /* SplashModels.swift in Sources */,
				F940EA522058147000266753 /* WelcomeRouter.swift in Sources */,
				F9CEDE532063F139004ED0C7 /* ReportWorker.swift in Sources */,
				F940EC4B205A9BFF00266753 /* MainPatientModels.swift in Sources */,
				F940EC49205A9BFF00266753 /* MainPatientWorker.swift in Sources */,
				F940EC222059335E00266753 /* RegisterPatientWorker.swift in Sources */,
				F95AFBFD206A6CBC007CCFB1 /* CallDoctorFiltersInteractor.swift in Sources */,
				F992D343206E3D6D00DF0604 /* MainDoctorConfigurator.swift in Sources */,
				F95AFBF8206A6CBC007CCFB1 /* CallDoctorFiltersPresenter.swift in Sources */,
				F940EC212059335E00266753 /* RegisterPatientPresenter.swift in Sources */,
				F940EA552058147000266753 /* WelcomeInteractor.swift in Sources */,
				F9753764205FD509003DC80E /* TermsViewController.swift in Sources */,
				F9CEDE66206521DA004ED0C7 /* EditProfileInteractor.swift in Sources */,
				F940EC70205AEDD600266753 /* DrawerRouter.swift in Sources */,
				F992D346206E40E700DF0604 /* MainScreenInteractor.swift in Sources */,
				F992D340206E3D6D00DF0604 /* MainDoctorModels.swift in Sources */,
				F940EC74205AEDD600266753 /* DrawerConfigurator.swift in Sources */,
				F9CEDE572063F139004ED0C7 /* ReportInteractor.swift in Sources */,
				F940EC3D205A5BC200266753 /* ForgotPasswordConfigurator.swift in Sources */,
				F9093A71204992CB00CB041A /* AppDelegate.swift in Sources */,
				F95AFBEC206A4DBE007CCFB1 /* NameValidation.swift in Sources */,
				F97B71F52062B5960073A968 /* CallDoctorPresenter.swift in Sources */,
				F940EA612058148300266753 /* LoginModels.swift in Sources */,
				F940EC4C205A9BFF00266753 /* MainPatientViewController.swift in Sources */,
				F9CEDE63206521DA004ED0C7 /* EditProfileRouter.swift in Sources */,
				F940EC4D205A9BFF00266753 /* MainPatientInteractor.swift in Sources */,
				F975376E205FDADE003DC80E /* RegisterDoctorRouter.swift in Sources */,
				F9753771205FDADE003DC80E /* RegisterDoctorInteractor.swift in Sources */,
				F940EC5F205AB9EC00266753 /* SplashInteractor.swift in Sources */,
				F9CEDE562063F139004ED0C7 /* ReportViewController.swift in Sources */,
				F9CEDE552063F139004ED0C7 /* ReportModels.swift in Sources */,
				F940EA512058147000266753 /* WelcomeWorker.swift in Sources */,
				F975376F205FDADE003DC80E /* RegisterDoctorModels.swift in Sources */,
				F940EC72205AEDD600266753 /* DrawerViewController.swift in Sources */,
				F940EA562058147000266753 /* WelcomeConfigurator.swift in Sources */,
				F992D341206E3D6D00DF0604 /* MainDoctorViewController.swift in Sources */,
				F95AFBEA206A3DA6007CCFB1 /* PasswordValidation.swift in Sources */,
				F940EC3A205A5BC200266753 /* ForgotPasswordModels.swift in Sources */,
				F97B71F82062B5960073A968 /* CallDoctorModels.swift in Sources */,
				F940EC78205BEA4A00266753 /* User.swift in Sources */,
				F940EC242059335E00266753 /* RegisterPatientModels.swift in Sources */,
				F95AFBFE206A6CBC007CCFB1 /* CallDoctorFiltersConfigurator.swift in Sources */,
				F940EC71205AEDD600266753 /* DrawerModels.swift in Sources */,
				F940EC76205BBBD600266753 /* RMGradientView.swift in Sources */,
				F940EC37205A5BC200266753 /* ForgotPasswordPresenter.swift in Sources */,
				F9753779205FF24B003DC80E /* UIButtonExtension.swift in Sources */,
				F9CEDE64206521DA004ED0C7 /* EditProfileModels.swift in Sources */,
				F940EA602058148300266753 /* LoginRouter.swift in Sources */,
				F940EC4A205A9BFF00266753 /* MainPatientRouter.swift in Sources */,
				F940EA70205827AD00266753 /* EmailValidation.swift in Sources */,
				F9753777205FEA70003DC80E /* UIWindowExtension.swift in Sources */,
				F940EC2B20595A1100266753 /* API.swift in Sources */,
				F9753770205FDADE003DC80E /* RegisterDoctorViewController.swift in Sources */,
				F992D342206E3D6D00DF0604 /* MainDoctorInteractor.swift in Sources */,
				F940EA642058148300266753 /* LoginConfigurator.swift in Sources */,
				F97B71F72062B5960073A968 /* CallDoctorRouter.swift in Sources */,
				F95AFBF9206A6CBC007CCFB1 /* CallDoctorFiltersWorker.swift in Sources */,
				F97B71FB2062B5960073A968 /* CallDoctorConfigurator.swift in Sources */,
				F940EA6C2058239100266753 /* UIColorExtension.swift in Sources */,
				F940EC73205AEDD600266753 /* DrawerInteractor.swift in Sources */,
				F940EC5A205AB9EC00266753 /* SplashPresenter.swift in Sources */,
				F992D335206E3C0800DF0604 /* MainScreenViewController.swift in Sources */,
				F95F140820614A6E00CDC2E5 /* iPhoneDeviceDetection.swift in Sources */,
				F940EC2D205963ED00266753 /* AlamofireExtension.swift in Sources */,
				F940EA66205817DF00266753 /* RMNavigationBar.swift in Sources */,
				F95AFBFA206A6CBC007CCFB1 /* CallDoctorFiltersRouter.swift in Sources */,
				F9CEDE65206521DA004ED0C7 /* EditProfileViewController.swift in Sources */,
				F940EC29205937CD00266753 /* PhotoTakeRouter.swift in Sources */,
				F975376C205FDADE003DC80E /* RegisterDoctorPresenter.swift in Sources */,
				F940EC3B205A5BC200266753 /* ForgotPasswordViewController.swift in Sources */,
				F9CA96AC205FCA5200CB4B68 /* Settings.swift in Sources */,
				F940EC60205AB9EC00266753 /* SplashConfigurator.swift in Sources */,
				F940EA69205820DF00266753 /* RMTextFieldWithError.swift in Sources */,
				F9753772205FDADE003DC80E /* RegisterDoctorConfigurator.swift in Sources */,
				F9CEDE522063F139004ED0C7 /* ReportPresenter.swift in Sources */,
				F940EC52205A9D8E00266753 /* AppStartRouter.swift in Sources */,
				F940EA5F2058148300266753 /* LoginWorker.swift in Sources */,
				F940EC262059335E00266753 /* RegisterPatientInteractor.swift in Sources */,
			);
			runOnlyForDeploymentPostprocessing = 0;
		};
/* End PBXSourcesBuildPhase section */

/* Begin PBXVariantGroup section */
		F9093A79204992CB00CB041A /* LaunchScreen.storyboard */ = {
			isa = PBXVariantGroup;
			children = (
				F9093A7A204992CB00CB041A /* Base */,
			);
			name = LaunchScreen.storyboard;
			sourceTree = "<group>";
		};
/* End PBXVariantGroup section */

/* Begin XCBuildConfiguration section */
		F9093A7D204992CB00CB041A /* Debug */ = {
			isa = XCBuildConfiguration;
			buildSettings = {
				ALWAYS_SEARCH_USER_PATHS = NO;
				CLANG_ANALYZER_NONNULL = YES;
				CLANG_ANALYZER_NUMBER_OBJECT_CONVERSION = YES_AGGRESSIVE;
				CLANG_CXX_LANGUAGE_STANDARD = "gnu++14";
				CLANG_CXX_LIBRARY = "libc++";
				CLANG_ENABLE_MODULES = YES;
				CLANG_ENABLE_OBJC_ARC = YES;
				CLANG_WARN_BLOCK_CAPTURE_AUTORELEASING = YES;
				CLANG_WARN_BOOL_CONVERSION = YES;
				CLANG_WARN_COMMA = YES;
				CLANG_WARN_CONSTANT_CONVERSION = YES;
				CLANG_WARN_DIRECT_OBJC_ISA_USAGE = YES_ERROR;
				CLANG_WARN_DOCUMENTATION_COMMENTS = YES;
				CLANG_WARN_EMPTY_BODY = YES;
				CLANG_WARN_ENUM_CONVERSION = YES;
				CLANG_WARN_INFINITE_RECURSION = YES;
				CLANG_WARN_INT_CONVERSION = YES;
				CLANG_WARN_NON_LITERAL_NULL_CONVERSION = YES;
				CLANG_WARN_OBJC_LITERAL_CONVERSION = YES;
				CLANG_WARN_OBJC_ROOT_CLASS = YES_ERROR;
				CLANG_WARN_RANGE_LOOP_ANALYSIS = YES;
				CLANG_WARN_STRICT_PROTOTYPES = YES;
				CLANG_WARN_SUSPICIOUS_MOVE = YES;
				CLANG_WARN_UNGUARDED_AVAILABILITY = YES_AGGRESSIVE;
				CLANG_WARN_UNREACHABLE_CODE = YES;
				CLANG_WARN__DUPLICATE_METHOD_MATCH = YES;
				CODE_SIGN_IDENTITY = "iPhone Developer";
				COPY_PHASE_STRIP = NO;
				DEBUG_INFORMATION_FORMAT = dwarf;
				ENABLE_STRICT_OBJC_MSGSEND = YES;
				ENABLE_TESTABILITY = YES;
				GCC_C_LANGUAGE_STANDARD = gnu11;
				GCC_DYNAMIC_NO_PIC = NO;
				GCC_NO_COMMON_BLOCKS = YES;
				GCC_OPTIMIZATION_LEVEL = 0;
				GCC_PREPROCESSOR_DEFINITIONS = (
					"DEBUG=1",
					"$(inherited)",
				);
				GCC_WARN_64_TO_32_BIT_CONVERSION = YES;
				GCC_WARN_ABOUT_RETURN_TYPE = YES_ERROR;
				GCC_WARN_UNDECLARED_SELECTOR = YES;
				GCC_WARN_UNINITIALIZED_AUTOS = YES_AGGRESSIVE;
				GCC_WARN_UNUSED_FUNCTION = YES;
				GCC_WARN_UNUSED_VARIABLE = YES;
				IPHONEOS_DEPLOYMENT_TARGET = 11.2;
				MTL_ENABLE_DEBUG_INFO = YES;
				ONLY_ACTIVE_ARCH = YES;
				SDKROOT = iphoneos;
				SWIFT_ACTIVE_COMPILATION_CONDITIONS = DEBUG;
				SWIFT_OPTIMIZATION_LEVEL = "-Onone";
			};
			name = Debug;
		};
		F9093A7E204992CB00CB041A /* Release */ = {
			isa = XCBuildConfiguration;
			buildSettings = {
				ALWAYS_SEARCH_USER_PATHS = NO;
				CLANG_ANALYZER_NONNULL = YES;
				CLANG_ANALYZER_NUMBER_OBJECT_CONVERSION = YES_AGGRESSIVE;
				CLANG_CXX_LANGUAGE_STANDARD = "gnu++14";
				CLANG_CXX_LIBRARY = "libc++";
				CLANG_ENABLE_MODULES = YES;
				CLANG_ENABLE_OBJC_ARC = YES;
				CLANG_WARN_BLOCK_CAPTURE_AUTORELEASING = YES;
				CLANG_WARN_BOOL_CONVERSION = YES;
				CLANG_WARN_COMMA = YES;
				CLANG_WARN_CONSTANT_CONVERSION = YES;
				CLANG_WARN_DIRECT_OBJC_ISA_USAGE = YES_ERROR;
				CLANG_WARN_DOCUMENTATION_COMMENTS = YES;
				CLANG_WARN_EMPTY_BODY = YES;
				CLANG_WARN_ENUM_CONVERSION = YES;
				CLANG_WARN_INFINITE_RECURSION = YES;
				CLANG_WARN_INT_CONVERSION = YES;
				CLANG_WARN_NON_LITERAL_NULL_CONVERSION = YES;
				CLANG_WARN_OBJC_LITERAL_CONVERSION = YES;
				CLANG_WARN_OBJC_ROOT_CLASS = YES_ERROR;
				CLANG_WARN_RANGE_LOOP_ANALYSIS = YES;
				CLANG_WARN_STRICT_PROTOTYPES = YES;
				CLANG_WARN_SUSPICIOUS_MOVE = YES;
				CLANG_WARN_UNGUARDED_AVAILABILITY = YES_AGGRESSIVE;
				CLANG_WARN_UNREACHABLE_CODE = YES;
				CLANG_WARN__DUPLICATE_METHOD_MATCH = YES;
				CODE_SIGN_IDENTITY = "iPhone Developer";
				COPY_PHASE_STRIP = NO;
				DEBUG_INFORMATION_FORMAT = "dwarf-with-dsym";
				ENABLE_NS_ASSERTIONS = NO;
				ENABLE_STRICT_OBJC_MSGSEND = YES;
				GCC_C_LANGUAGE_STANDARD = gnu11;
				GCC_NO_COMMON_BLOCKS = YES;
				GCC_WARN_64_TO_32_BIT_CONVERSION = YES;
				GCC_WARN_ABOUT_RETURN_TYPE = YES_ERROR;
				GCC_WARN_UNDECLARED_SELECTOR = YES;
				GCC_WARN_UNINITIALIZED_AUTOS = YES_AGGRESSIVE;
				GCC_WARN_UNUSED_FUNCTION = YES;
				GCC_WARN_UNUSED_VARIABLE = YES;
				IPHONEOS_DEPLOYMENT_TARGET = 11.2;
				MTL_ENABLE_DEBUG_INFO = NO;
				SDKROOT = iphoneos;
				SWIFT_OPTIMIZATION_LEVEL = "-Owholemodule";
				VALIDATE_PRODUCT = YES;
			};
			name = Release;
		};
		F9093A80204992CB00CB041A /* Debug */ = {
			isa = XCBuildConfiguration;
			baseConfigurationReference = 5EADC32AED147D733870FB5F /* Pods-Rozenamah.debug.xcconfig */;
			buildSettings = {
				ASSETCATALOG_COMPILER_APPICON_NAME = AppIcon;
				CODE_SIGN_ENTITLEMENTS = Rozenamah/Rozenamah.entitlements;
				CODE_SIGN_STYLE = Manual;
				DEVELOPMENT_TEAM = J5AJCLAX66;
				INFOPLIST_FILE = Rozenamah/Info.plist;
				IPHONEOS_DEPLOYMENT_TARGET = 10.0;
				LD_RUNPATH_SEARCH_PATHS = "$(inherited) @executable_path/Frameworks";
				PRODUCT_BUNDLE_IDENTIFIER = com.Rozenamah.dev;
				PRODUCT_NAME = "$(TARGET_NAME)";
				PROVISIONING_PROFILE = "e623c32f-3fb4-4211-a8a4-6ecd12c7dc4e";
				PROVISIONING_PROFILE_SPECIFIER = "Rozemanah dev";
				SWIFT_VERSION = 4.0;
				TARGETED_DEVICE_FAMILY = 1;
			};
			name = Debug;
		};
		F9093A81204992CB00CB041A /* Release */ = {
			isa = XCBuildConfiguration;
			baseConfigurationReference = 12F2CF19FFFACE3A5994653E /* Pods-Rozenamah.release.xcconfig */;
			buildSettings = {
				ASSETCATALOG_COMPILER_APPICON_NAME = AppIcon;
				CODE_SIGN_ENTITLEMENTS = Rozenamah/Rozenamah.entitlements;
				"CODE_SIGN_IDENTITY[sdk=iphoneos*]" = "iPhone Distribution";
				CODE_SIGN_STYLE = Manual;
				DEVELOPMENT_TEAM = J5AJCLAX66;
				INFOPLIST_FILE = Rozenamah/Info.plist;
				IPHONEOS_DEPLOYMENT_TARGET = 10.0;
				LD_RUNPATH_SEARCH_PATHS = "$(inherited) @executable_path/Frameworks";
				PRODUCT_BUNDLE_IDENTIFIER = com.Rozenamah.dev;
				PRODUCT_NAME = "$(TARGET_NAME)";
				PROVISIONING_PROFILE = "f14d04c7-ebec-43d8-9e82-cc6acc08b3e4";
				PROVISIONING_PROFILE_SPECIFIER = "Rozenamah AppStore";
				SWIFT_VERSION = 4.0;
				TARGETED_DEVICE_FAMILY = 1;
			};
			name = Release;
		};
/* End XCBuildConfiguration section */

/* Begin XCConfigurationList section */
		F9093A68204992CB00CB041A /* Build configuration list for PBXProject "Rozenamah" */ = {
			isa = XCConfigurationList;
			buildConfigurations = (
				F9093A7D204992CB00CB041A /* Debug */,
				F9093A7E204992CB00CB041A /* Release */,
			);
			defaultConfigurationIsVisible = 0;
			defaultConfigurationName = Release;
		};
		F9093A7F204992CB00CB041A /* Build configuration list for PBXNativeTarget "Rozenamah" */ = {
			isa = XCConfigurationList;
			buildConfigurations = (
				F9093A80204992CB00CB041A /* Debug */,
				F9093A81204992CB00CB041A /* Release */,
			);
			defaultConfigurationIsVisible = 0;
			defaultConfigurationName = Release;
		};
/* End XCConfigurationList section */
	};
	rootObject = F9093A65204992CB00CB041A /* Project object */;
}
